// !$*UTF8*$!
{
	archiveVersion = 1;
	classes = {
	};
	objectVersion = 46;
	objects = {

/* Begin PBXBuildFile section */
		17F98E8A14D50123004644BF /* ArrayHelper.m in Sources */ = {isa = PBXBuildFile; fileRef = 17F98E8914D50123004644BF /* ArrayHelper.m */; };
		6E2E5142180852DF00583908 /* FavoriteActivity.m in Sources */ = {isa = PBXBuildFile; fileRef = 6E2E5141180852DF00583908 /* FavoriteActivity.m */; };
		6E2E51441808A81900583908 /* test.jpg in Resources */ = {isa = PBXBuildFile; fileRef = 6E2E51431808A81900583908 /* test.jpg */; };
		6E2E514F1808ABDE00583908 /* 709-plus.png in Resources */ = {isa = PBXBuildFile; fileRef = 6E2E514D1808ABDE00583908 /* 709-plus.png */; };
		6E2E51501808ABDE00583908 /* 709-plus@2x.png in Resources */ = {isa = PBXBuildFile; fileRef = 6E2E514E1808ABDE00583908 /* 709-plus@2x.png */; };
		6E2E51531808AD5C00583908 /* 709-minus.png in Resources */ = {isa = PBXBuildFile; fileRef = 6E2E51511808AD5C00583908 /* 709-minus.png */; };
		6E2E51541808AD5C00583908 /* 709-minus@2x.png in Resources */ = {isa = PBXBuildFile; fileRef = 6E2E51521808AD5C00583908 /* 709-minus@2x.png */; };
		6E2E51571808B25900583908 /* 708-search.png in Resources */ = {isa = PBXBuildFile; fileRef = 6E2E51551808B25900583908 /* 708-search.png */; };
		6E2E51581808B25900583908 /* 708-search@2x.png in Resources */ = {isa = PBXBuildFile; fileRef = 6E2E51561808B25900583908 /* 708-search@2x.png */; };
		6E2E515F1808B3E700583908 /* 748-heart.png in Resources */ = {isa = PBXBuildFile; fileRef = 6E2E515D1808B3E700583908 /* 748-heart.png */; };
		6E2E51601808B3E700583908 /* 748-heart@2x.png in Resources */ = {isa = PBXBuildFile; fileRef = 6E2E515E1808B3E700583908 /* 748-heart@2x.png */; };
		6E2E51671808B46F00583908 /* 809-clipboard.png in Resources */ = {isa = PBXBuildFile; fileRef = 6E2E51651808B46F00583908 /* 809-clipboard.png */; };
		6E2E51681808B46F00583908 /* 809-clipboard@2x.png in Resources */ = {isa = PBXBuildFile; fileRef = 6E2E51661808B46F00583908 /* 809-clipboard@2x.png */; };
		6E2E51731808B5FF00583908 /* 740-gear.png in Resources */ = {isa = PBXBuildFile; fileRef = 6E2E51711808B5FF00583908 /* 740-gear.png */; };
		6E2E51741808B5FF00583908 /* 740-gear@2x.png in Resources */ = {isa = PBXBuildFile; fileRef = 6E2E51721808B5FF00583908 /* 740-gear@2x.png */; };
		6E2E5178180C73BC00583908 /* UISearchBar+UISearchBarLocalized.m in Sources */ = {isa = PBXBuildFile; fileRef = 6E2E5177180C73BC00583908 /* UISearchBar+UISearchBarLocalized.m */; };
		6E2E517C180C8D6700583908 /* Images.xcassets in Resources */ = {isa = PBXBuildFile; fileRef = 6E2E517B180C8D6700583908 /* Images.xcassets */; };
		6E2E5186180C8FA700583908 /* nutrientwise_58.png in Resources */ = {isa = PBXBuildFile; fileRef = 6E2E5183180C8FA700583908 /* nutrientwise_58.png */; };
		6E2E5187180C8FA700583908 /* nutrientwise_80.png in Resources */ = {isa = PBXBuildFile; fileRef = 6E2E5184180C8FA700583908 /* nutrientwise_80.png */; };
		6E2E5188180C8FA700583908 /* nutrientwise_120.png in Resources */ = {isa = PBXBuildFile; fileRef = 6E2E5185180C8FA700583908 /* nutrientwise_120.png */; };
		6E3E404414BA535E002048B8 /* CoreData.framework in Frameworks */ = {isa = PBXBuildFile; fileRef = 6E3E404314BA535E002048B8 /* CoreData.framework */; };
		6E417F3B14BE50B000F2A2AC /* Finder.m in Sources */ = {isa = PBXBuildFile; fileRef = 6E417F3A14BE50B000F2A2AC /* Finder.m */; };
		6E47A71417BADCD400BC44E5 /* NutrientValueCell.m in Sources */ = {isa = PBXBuildFile; fileRef = 6E47A71317BADCD400BC44E5 /* NutrientValueCell.m */; };
		6E528B8F14CDA01800712D87 /* ProfileHelper.m in Sources */ = {isa = PBXBuildFile; fileRef = 6E528B8E14CDA01800712D87 /* ProfileHelper.m */; };
		6E528B9314CDA9FD00712D87 /* FavoriteHelper.m in Sources */ = {isa = PBXBuildFile; fileRef = 6E528B9214CDA9FD00712D87 /* FavoriteHelper.m */; };
		6E6F3FAE1624D43300457BE9 /* Default-568h@2x.png in Resources */ = {isa = PBXBuildFile; fileRef = 6E6F3FAD1624D43300457BE9 /* Default-568h@2x.png */; };
		6E740AEA14C7761E007A0C72 /* TabBarController.xib in Resources */ = {isa = PBXBuildFile; fileRef = 6E740AE814C7761E007A0C72 /* TabBarController.xib */; };
		6E740AEF14C77964007A0C72 /* Search.m in Sources */ = {isa = PBXBuildFile; fileRef = 6E740AED14C77964007A0C72 /* Search.m */; };
		6E740AF014C77964007A0C72 /* Search.xib in Resources */ = {isa = PBXBuildFile; fileRef = 6E740AEE14C77964007A0C72 /* Search.xib */; };
		6E81DC7D14CE1F4A00A680DE /* FavoritesController.m in Sources */ = {isa = PBXBuildFile; fileRef = 6E81DC7C14CE1F4A00A680DE /* FavoritesController.m */; };
		6E81DC8314CE32D600A680DE /* About.m in Sources */ = {isa = PBXBuildFile; fileRef = 6E81DC8114CE32D500A680DE /* About.m */; };
		6E81DC8414CE32D600A680DE /* About.xib in Resources */ = {isa = PBXBuildFile; fileRef = 6E81DC8214CE32D600A680DE /* About.xib */; };
		6E81DC9C14D0CBB000A680DE /* MeasureSelection.m in Sources */ = {isa = PBXBuildFile; fileRef = 6E81DC9A14D0CBAE00A680DE /* MeasureSelection.m */; };
		6E81DC9D14D0CBB000A680DE /* MeasureSelection.xib in Resources */ = {isa = PBXBuildFile; fileRef = 6E81DC9B14D0CBAF00A680DE /* MeasureSelection.xib */; };
		6E81DCA114D0D58200A680DE /* AllNutritiveValues.m in Sources */ = {isa = PBXBuildFile; fileRef = 6E81DC9F14D0D58100A680DE /* AllNutritiveValues.m */; };
		6E81DCA214D0D58200A680DE /* AllNutritiveValues.xib in Resources */ = {isa = PBXBuildFile; fileRef = 6E81DCA014D0D58100A680DE /* AllNutritiveValues.xib */; };
		6E81DCB514D46D6E00A680DE /* CellHelper.m in Sources */ = {isa = PBXBuildFile; fileRef = 6E81DCB414D46D6D00A680DE /* CellHelper.m */; };
		6E81DCBA14D4714000A680DE /* SettingsController.m in Sources */ = {isa = PBXBuildFile; fileRef = 6E81DCB814D4713F00A680DE /* SettingsController.m */; };
		6E81DCBF14D4779F00A680DE /* SettingsLanguage.m in Sources */ = {isa = PBXBuildFile; fileRef = 6E81DCBD14D4779D00A680DE /* SettingsLanguage.m */; };
		6E81DCC014D4779F00A680DE /* SettingsLanguage.xib in Resources */ = {isa = PBXBuildFile; fileRef = 6E81DCBE14D4779D00A680DE /* SettingsLanguage.xib */; };
		6E81DCC414D47B1E00A680DE /* ProfilesController.m in Sources */ = {isa = PBXBuildFile; fileRef = 6E81DCC214D47B1B00A680DE /* ProfilesController.m */; };
		6E81DCC914D47BF700A680DE /* ProfileSelection.m in Sources */ = {isa = PBXBuildFile; fileRef = 6E81DCC714D47BF500A680DE /* ProfileSelection.m */; };
		6E81DCCA14D47BF700A680DE /* ProfileSelection.xib in Resources */ = {isa = PBXBuildFile; fileRef = 6E81DCC814D47BF600A680DE /* ProfileSelection.xib */; };
		6E81DCF014D4A6CB00A680DE /* Localizable.strings in Resources */ = {isa = PBXBuildFile; fileRef = 6E81DCEC14D4A6CB00A680DE /* Localizable.strings */; };
		6E81DD4914D5BB5000A680DE /* SearchController.m in Sources */ = {isa = PBXBuildFile; fileRef = 6EAD166F14CC7F6300D82BFD /* SearchController.m */; };
		6E81DD4C14D5BCB600A680DE /* NutrientWise_57.png in Resources */ = {isa = PBXBuildFile; fileRef = 6E81DD4B14D5BCB500A680DE /* NutrientWise_57.png */; };
		6E81DD4E14D5BCBF00A680DE /* NutrientWise_114.png in Resources */ = {isa = PBXBuildFile; fileRef = 6E81DD4D14D5BCBF00A680DE /* NutrientWise_114.png */; };
		6E81DD5014D5BD4000A680DE /* Default@2x.png in Resources */ = {isa = PBXBuildFile; fileRef = 6E81DD4F14D5BD4000A680DE /* Default@2x.png */; };
		6E81DD5214D5BD4600A680DE /* Default.png in Resources */ = {isa = PBXBuildFile; fileRef = 6E81DD5114D5BD4500A680DE /* Default.png */; };
		6E81DD5814D5C33600A680DE /* Localizable.strings in Resources */ = {isa = PBXBuildFile; fileRef = 6E81DD5614D5C33600A680DE /* Localizable.strings */; };
		6E81DD7714D5CEDD00A680DE /* Model.xcdatamodel in Sources */ = {isa = PBXBuildFile; fileRef = 6E81DD7614D5CEDD00A680DE /* Model.xcdatamodel */; };
		6E81DD8214D5CEF000A680DE /* Measure.m in Sources */ = {isa = PBXBuildFile; fileRef = 6E81DD7914D5CEF000A680DE /* Measure.m */; };
		6E81DD8314D5CEF000A680DE /* NutritiveValue.m in Sources */ = {isa = PBXBuildFile; fileRef = 6E81DD7B14D5CEF000A680DE /* NutritiveValue.m */; };
		6E81DD8414D5CEF000A680DE /* ConversionFactor.m in Sources */ = {isa = PBXBuildFile; fileRef = 6E81DD7D14D5CEF000A680DE /* ConversionFactor.m */; };
		6E81DD8514D5CEF000A680DE /* FoodName.m in Sources */ = {isa = PBXBuildFile; fileRef = 6E81DD7F14D5CEF000A680DE /* FoodName.m */; };
		6E81DD8614D5CEF000A680DE /* NutritiveName.m in Sources */ = {isa = PBXBuildFile; fileRef = 6E81DD8114D5CEF000A680DE /* NutritiveName.m */; };
		6EAD166214CC7DD500D82BFD /* Favorites.m in Sources */ = {isa = PBXBuildFile; fileRef = 6EAD166014CC7DD500D82BFD /* Favorites.m */; };
		6EAD166314CC7DD500D82BFD /* Favorites.xib in Resources */ = {isa = PBXBuildFile; fileRef = 6EAD166114CC7DD500D82BFD /* Favorites.xib */; };
		6EAD166714CC7DE700D82BFD /* Settings.m in Sources */ = {isa = PBXBuildFile; fileRef = 6EAD166514CC7DE700D82BFD /* Settings.m */; };
		6EAD166814CC7DE700D82BFD /* Settings.xib in Resources */ = {isa = PBXBuildFile; fileRef = 6EAD166614CC7DE700D82BFD /* Settings.xib */; };
		6EAD166C14CC7DF500D82BFD /* Profiles.m in Sources */ = {isa = PBXBuildFile; fileRef = 6EAD166A14CC7DF400D82BFD /* Profiles.m */; };
		6EAD166D14CC7DF500D82BFD /* Profiles.xib in Resources */ = {isa = PBXBuildFile; fileRef = 6EAD166B14CC7DF400D82BFD /* Profiles.xib */; };
		6EAD167814CC93CF00D82BFD /* FoodDetail.m in Sources */ = {isa = PBXBuildFile; fileRef = 6EAD167614CC93CE00D82BFD /* FoodDetail.m */; };
		6EAD167914CC93CF00D82BFD /* FoodDetail.xib in Resources */ = {isa = PBXBuildFile; fileRef = 6EAD167714CC93CF00D82BFD /* FoodDetail.xib */; };
		6EAD167E14CCCE8900D82BFD /* LanguageHelper.m in Sources */ = {isa = PBXBuildFile; fileRef = 6EAD167D14CCCE8800D82BFD /* LanguageHelper.m */; };
		6EB9B2F614BA0AEB007C9666 /* UIKit.framework in Frameworks */ = {isa = PBXBuildFile; fileRef = 6EB9B2F514BA0AEB007C9666 /* UIKit.framework */; };
		6EB9B2F814BA0AEB007C9666 /* Foundation.framework in Frameworks */ = {isa = PBXBuildFile; fileRef = 6EB9B2F714BA0AEB007C9666 /* Foundation.framework */; };
		6EB9B2FA14BA0AEB007C9666 /* CoreGraphics.framework in Frameworks */ = {isa = PBXBuildFile; fileRef = 6EB9B2F914BA0AEB007C9666 /* CoreGraphics.framework */; };
		6EB9B30214BA0AEB007C9666 /* main.m in Sources */ = {isa = PBXBuildFile; fileRef = 6EB9B30114BA0AEB007C9666 /* main.m */; };
		6EB9B30614BA0AEB007C9666 /* AppDelegate.m in Sources */ = {isa = PBXBuildFile; fileRef = 6EB9B30514BA0AEB007C9666 /* AppDelegate.m */; };
		6EB9B31F14BA0AEB007C9666 /* SenTestingKit.framework in Frameworks */ = {isa = PBXBuildFile; fileRef = 6EB9B31E14BA0AEB007C9666 /* SenTestingKit.framework */; };
		6EB9B32014BA0AEB007C9666 /* UIKit.framework in Frameworks */ = {isa = PBXBuildFile; fileRef = 6EB9B2F514BA0AEB007C9666 /* UIKit.framework */; };
		6EB9B32114BA0AEB007C9666 /* Foundation.framework in Frameworks */ = {isa = PBXBuildFile; fileRef = 6EB9B2F714BA0AEB007C9666 /* Foundation.framework */; };
		6EB9B32914BA0AEB007C9666 /* InfoPlist.strings in Resources */ = {isa = PBXBuildFile; fileRef = 6EB9B32714BA0AEB007C9666 /* InfoPlist.strings */; };
		6EB9B32C14BA0AEB007C9666 /* Nutrient_WiseTests.m in Sources */ = {isa = PBXBuildFile; fileRef = 6EB9B32B14BA0AEB007C9666 /* Nutrient_WiseTests.m */; };
		6EE9EB3414DC786A00F8ABC5 /* DATA_v1.5.sqlite in Resources */ = {isa = PBXBuildFile; fileRef = 6EE9EB3314DC786A00F8ABC5 /* DATA_v1.5.sqlite */; };
		6EE9EB3C14DCAFA800F8ABC5 /* iTunesArtwork in Resources */ = {isa = PBXBuildFile; fileRef = 6EE9EB3B14DCAFA800F8ABC5 /* iTunesArtwork */; };
		6EF19C5414DA01AB002790E7 /* HeaderCM@2x.png in Resources */ = {isa = PBXBuildFile; fileRef = 6EF19C5214DA01AB002790E7 /* HeaderCM@2x.png */; };
		6EF19C5514DA01AB002790E7 /* HeaderCM.png in Resources */ = {isa = PBXBuildFile; fileRef = 6EF19C5314DA01AB002790E7 /* HeaderCM.png */; };
		6EF19C5914DA05B5002790E7 /* MKiCloudSync.m in Sources */ = {isa = PBXBuildFile; fileRef = 6EF19C5814DA05B5002790E7 /* MKiCloudSync.m */; };
		6EF19C6114DB46CF002790E7 /* about-fr.html in Resources */ = {isa = PBXBuildFile; fileRef = 6EF19C6014DB46CF002790E7 /* about-fr.html */; };
		6EF19C6314DB4A23002790E7 /* about-en.html in Resources */ = {isa = PBXBuildFile; fileRef = 6EF19C6214DB4A23002790E7 /* about-en.html */; };
/* End PBXBuildFile section */

/* Begin PBXContainerItemProxy section */
		6EB9B32214BA0AEB007C9666 /* PBXContainerItemProxy */ = {
			isa = PBXContainerItemProxy;
			containerPortal = 6EB9B2E814BA0AEB007C9666 /* Project object */;
			proxyType = 1;
			remoteGlobalIDString = 6EB9B2F014BA0AEB007C9666;
			remoteInfo = "Nutrient Wise";
		};
/* End PBXContainerItemProxy section */

/* Begin PBXFileReference section */
		17F98E8814D50123004644BF /* ArrayHelper.h */ = {isa = PBXFileReference; fileEncoding = 4; lastKnownFileType = sourcecode.c.h; path = ArrayHelper.h; sourceTree = "<group>"; };
		17F98E8914D50123004644BF /* ArrayHelper.m */ = {isa = PBXFileReference; fileEncoding = 4; lastKnownFileType = sourcecode.c.objc; path = ArrayHelper.m; sourceTree = "<group>"; };
		6E2E5140180852DF00583908 /* FavoriteActivity.h */ = {isa = PBXFileReference; fileEncoding = 4; lastKnownFileType = sourcecode.c.h; path = FavoriteActivity.h; sourceTree = "<group>"; };
		6E2E5141180852DF00583908 /* FavoriteActivity.m */ = {isa = PBXFileReference; fileEncoding = 4; lastKnownFileType = sourcecode.c.objc; path = FavoriteActivity.m; sourceTree = "<group>"; };
		6E2E51431808A81900583908 /* test.jpg */ = {isa = PBXFileReference; lastKnownFileType = image.jpeg; path = test.jpg; sourceTree = "<group>"; };
		6E2E514D1808ABDE00583908 /* 709-plus.png */ = {isa = PBXFileReference; lastKnownFileType = image.png; path = "709-plus.png"; sourceTree = "<group>"; };
		6E2E514E1808ABDE00583908 /* 709-plus@2x.png */ = {isa = PBXFileReference; lastKnownFileType = image.png; path = "709-plus@2x.png"; sourceTree = "<group>"; };
		6E2E51511808AD5C00583908 /* 709-minus.png */ = {isa = PBXFileReference; lastKnownFileType = image.png; path = "709-minus.png"; sourceTree = "<group>"; };
		6E2E51521808AD5C00583908 /* 709-minus@2x.png */ = {isa = PBXFileReference; lastKnownFileType = image.png; path = "709-minus@2x.png"; sourceTree = "<group>"; };
		6E2E51551808B25900583908 /* 708-search.png */ = {isa = PBXFileReference; lastKnownFileType = image.png; path = "708-search.png"; sourceTree = "<group>"; };
		6E2E51561808B25900583908 /* 708-search@2x.png */ = {isa = PBXFileReference; lastKnownFileType = image.png; path = "708-search@2x.png"; sourceTree = "<group>"; };
		6E2E515D1808B3E700583908 /* 748-heart.png */ = {isa = PBXFileReference; lastKnownFileType = image.png; path = "748-heart.png"; sourceTree = "<group>"; };
		6E2E515E1808B3E700583908 /* 748-heart@2x.png */ = {isa = PBXFileReference; lastKnownFileType = image.png; path = "748-heart@2x.png"; sourceTree = "<group>"; };
		6E2E51651808B46F00583908 /* 809-clipboard.png */ = {isa = PBXFileReference; lastKnownFileType = image.png; path = "809-clipboard.png"; sourceTree = "<group>"; };
		6E2E51661808B46F00583908 /* 809-clipboard@2x.png */ = {isa = PBXFileReference; lastKnownFileType = image.png; path = "809-clipboard@2x.png"; sourceTree = "<group>"; };
		6E2E51711808B5FF00583908 /* 740-gear.png */ = {isa = PBXFileReference; lastKnownFileType = image.png; path = "740-gear.png"; sourceTree = "<group>"; };
		6E2E51721808B5FF00583908 /* 740-gear@2x.png */ = {isa = PBXFileReference; lastKnownFileType = image.png; path = "740-gear@2x.png"; sourceTree = "<group>"; };
		6E2E5176180C73BC00583908 /* UISearchBar+UISearchBarLocalized.h */ = {isa = PBXFileReference; fileEncoding = 4; lastKnownFileType = sourcecode.c.h; path = "UISearchBar+UISearchBarLocalized.h"; sourceTree = "<group>"; };
		6E2E5177180C73BC00583908 /* UISearchBar+UISearchBarLocalized.m */ = {isa = PBXFileReference; fileEncoding = 4; lastKnownFileType = sourcecode.c.objc; path = "UISearchBar+UISearchBarLocalized.m"; sourceTree = "<group>"; };
		6E2E517B180C8D6700583908 /* Images.xcassets */ = {isa = PBXFileReference; lastKnownFileType = folder.assetcatalog; name = Images.xcassets; path = "Nutrient Wise/Images.xcassets"; sourceTree = "<group>"; };
		6E2E5183180C8FA700583908 /* nutrientwise_58.png */ = {isa = PBXFileReference; lastKnownFileType = image.png; path = nutrientwise_58.png; sourceTree = "<group>"; };
		6E2E5184180C8FA700583908 /* nutrientwise_80.png */ = {isa = PBXFileReference; lastKnownFileType = image.png; path = nutrientwise_80.png; sourceTree = "<group>"; };
		6E2E5185180C8FA700583908 /* nutrientwise_120.png */ = {isa = PBXFileReference; lastKnownFileType = image.png; path = nutrientwise_120.png; sourceTree = "<group>"; };
		6E3E404314BA535E002048B8 /* CoreData.framework */ = {isa = PBXFileReference; lastKnownFileType = wrapper.framework; name = CoreData.framework; path = System/Library/Frameworks/CoreData.framework; sourceTree = SDKROOT; };
		6E417F3914BE50B000F2A2AC /* Finder.h */ = {isa = PBXFileReference; fileEncoding = 4; lastKnownFileType = sourcecode.c.h; path = Finder.h; sourceTree = "<group>"; };
		6E417F3A14BE50B000F2A2AC /* Finder.m */ = {isa = PBXFileReference; fileEncoding = 4; lastKnownFileType = sourcecode.c.objc; path = Finder.m; sourceTree = "<group>"; };
		6E47A71217BADCD400BC44E5 /* NutrientValueCell.h */ = {isa = PBXFileReference; fileEncoding = 4; lastKnownFileType = sourcecode.c.h; path = NutrientValueCell.h; sourceTree = "<group>"; };
		6E47A71317BADCD400BC44E5 /* NutrientValueCell.m */ = {isa = PBXFileReference; fileEncoding = 4; lastKnownFileType = sourcecode.c.objc; path = NutrientValueCell.m; sourceTree = "<group>"; };
		6E528B8D14CDA01800712D87 /* ProfileHelper.h */ = {isa = PBXFileReference; fileEncoding = 4; lastKnownFileType = sourcecode.c.h; path = ProfileHelper.h; sourceTree = "<group>"; };
		6E528B8E14CDA01800712D87 /* ProfileHelper.m */ = {isa = PBXFileReference; fileEncoding = 4; lastKnownFileType = sourcecode.c.objc; path = ProfileHelper.m; sourceTree = "<group>"; };
		6E528B9114CDA9FD00712D87 /* FavoriteHelper.h */ = {isa = PBXFileReference; fileEncoding = 4; lastKnownFileType = sourcecode.c.h; path = FavoriteHelper.h; sourceTree = "<group>"; };
		6E528B9214CDA9FD00712D87 /* FavoriteHelper.m */ = {isa = PBXFileReference; fileEncoding = 4; lastKnownFileType = sourcecode.c.objc; path = FavoriteHelper.m; sourceTree = "<group>"; };
		6E6F3FAD1624D43300457BE9 /* Default-568h@2x.png */ = {isa = PBXFileReference; lastKnownFileType = image.png; path = "Default-568h@2x.png"; sourceTree = "<group>"; };
		6E740AE814C7761E007A0C72 /* TabBarController.xib */ = {isa = PBXFileReference; fileEncoding = 4; lastKnownFileType = file.xib; path = TabBarController.xib; sourceTree = "<group>"; };
		6E740AEC14C77964007A0C72 /* Search.h */ = {isa = PBXFileReference; fileEncoding = 4; lastKnownFileType = sourcecode.c.h; path = Search.h; sourceTree = "<group>"; };
		6E740AED14C77964007A0C72 /* Search.m */ = {isa = PBXFileReference; fileEncoding = 4; lastKnownFileType = sourcecode.c.objc; path = Search.m; sourceTree = "<group>"; };
		6E740AEE14C77964007A0C72 /* Search.xib */ = {isa = PBXFileReference; fileEncoding = 4; lastKnownFileType = file.xib; path = Search.xib; sourceTree = "<group>"; };
		6E81DC7B14CE1F4A00A680DE /* FavoritesController.h */ = {isa = PBXFileReference; fileEncoding = 4; lastKnownFileType = sourcecode.c.h; path = FavoritesController.h; sourceTree = "<group>"; };
		6E81DC7C14CE1F4A00A680DE /* FavoritesController.m */ = {isa = PBXFileReference; fileEncoding = 4; lastKnownFileType = sourcecode.c.objc; path = FavoritesController.m; sourceTree = "<group>"; };
		6E81DC8014CE32D500A680DE /* About.h */ = {isa = PBXFileReference; fileEncoding = 4; lastKnownFileType = sourcecode.c.h; name = About.h; path = ../About.h; sourceTree = "<group>"; };
		6E81DC8114CE32D500A680DE /* About.m */ = {isa = PBXFileReference; fileEncoding = 4; lastKnownFileType = sourcecode.c.objc; name = About.m; path = ../About.m; sourceTree = "<group>"; };
		6E81DC8214CE32D600A680DE /* About.xib */ = {isa = PBXFileReference; fileEncoding = 4; lastKnownFileType = file.xib; name = About.xib; path = ../About.xib; sourceTree = "<group>"; };
		6E81DC9914D0CBAD00A680DE /* MeasureSelection.h */ = {isa = PBXFileReference; fileEncoding = 4; lastKnownFileType = sourcecode.c.h; path = MeasureSelection.h; sourceTree = "<group>"; };
		6E81DC9A14D0CBAE00A680DE /* MeasureSelection.m */ = {isa = PBXFileReference; fileEncoding = 4; lastKnownFileType = sourcecode.c.objc; path = MeasureSelection.m; sourceTree = "<group>"; };
		6E81DC9B14D0CBAF00A680DE /* MeasureSelection.xib */ = {isa = PBXFileReference; fileEncoding = 4; lastKnownFileType = file.xib; path = MeasureSelection.xib; sourceTree = "<group>"; };
		6E81DC9E14D0D58000A680DE /* AllNutritiveValues.h */ = {isa = PBXFileReference; fileEncoding = 4; lastKnownFileType = sourcecode.c.h; path = AllNutritiveValues.h; sourceTree = "<group>"; };
		6E81DC9F14D0D58100A680DE /* AllNutritiveValues.m */ = {isa = PBXFileReference; fileEncoding = 4; lastKnownFileType = sourcecode.c.objc; path = AllNutritiveValues.m; sourceTree = "<group>"; };
		6E81DCA014D0D58100A680DE /* AllNutritiveValues.xib */ = {isa = PBXFileReference; fileEncoding = 4; lastKnownFileType = file.xib; path = AllNutritiveValues.xib; sourceTree = "<group>"; };
		6E81DCB314D46D6D00A680DE /* CellHelper.h */ = {isa = PBXFileReference; fileEncoding = 4; lastKnownFileType = sourcecode.c.h; path = CellHelper.h; sourceTree = "<group>"; };
		6E81DCB414D46D6D00A680DE /* CellHelper.m */ = {isa = PBXFileReference; fileEncoding = 4; lastKnownFileType = sourcecode.c.objc; path = CellHelper.m; sourceTree = "<group>"; };
		6E81DCB714D4713F00A680DE /* SettingsController.h */ = {isa = PBXFileReference; fileEncoding = 4; lastKnownFileType = sourcecode.c.h; path = SettingsController.h; sourceTree = "<group>"; };
		6E81DCB814D4713F00A680DE /* SettingsController.m */ = {isa = PBXFileReference; fileEncoding = 4; lastKnownFileType = sourcecode.c.objc; path = SettingsController.m; sourceTree = "<group>"; };
		6E81DCBC14D4779C00A680DE /* SettingsLanguage.h */ = {isa = PBXFileReference; fileEncoding = 4; lastKnownFileType = sourcecode.c.h; path = SettingsLanguage.h; sourceTree = "<group>"; };
		6E81DCBD14D4779D00A680DE /* SettingsLanguage.m */ = {isa = PBXFileReference; fileEncoding = 4; lastKnownFileType = sourcecode.c.objc; path = SettingsLanguage.m; sourceTree = "<group>"; };
		6E81DCBE14D4779D00A680DE /* SettingsLanguage.xib */ = {isa = PBXFileReference; fileEncoding = 4; lastKnownFileType = file.xib; path = SettingsLanguage.xib; sourceTree = "<group>"; };
		6E81DCC114D47B1B00A680DE /* ProfilesController.h */ = {isa = PBXFileReference; fileEncoding = 4; lastKnownFileType = sourcecode.c.h; path = ProfilesController.h; sourceTree = "<group>"; };
		6E81DCC214D47B1B00A680DE /* ProfilesController.m */ = {isa = PBXFileReference; fileEncoding = 4; lastKnownFileType = sourcecode.c.objc; path = ProfilesController.m; sourceTree = "<group>"; };
		6E81DCC614D47BF400A680DE /* ProfileSelection.h */ = {isa = PBXFileReference; fileEncoding = 4; lastKnownFileType = sourcecode.c.h; path = ProfileSelection.h; sourceTree = "<group>"; };
		6E81DCC714D47BF500A680DE /* ProfileSelection.m */ = {isa = PBXFileReference; fileEncoding = 4; lastKnownFileType = sourcecode.c.objc; path = ProfileSelection.m; sourceTree = "<group>"; };
		6E81DCC814D47BF600A680DE /* ProfileSelection.xib */ = {isa = PBXFileReference; fileEncoding = 4; lastKnownFileType = file.xib; path = ProfileSelection.xib; sourceTree = "<group>"; };
		6E81DCED14D4A6CB00A680DE /* en */ = {isa = PBXFileReference; lastKnownFileType = text.plist.strings; name = en; path = Localizable.strings; sourceTree = "<group>"; };
		6E81DD4B14D5BCB500A680DE /* NutrientWise_57.png */ = {isa = PBXFileReference; lastKnownFileType = image.png; path = NutrientWise_57.png; sourceTree = "<group>"; };
		6E81DD4D14D5BCBF00A680DE /* NutrientWise_114.png */ = {isa = PBXFileReference; lastKnownFileType = image.png; path = NutrientWise_114.png; sourceTree = "<group>"; };
		6E81DD4F14D5BD4000A680DE /* Default@2x.png */ = {isa = PBXFileReference; lastKnownFileType = image.png; path = "Default@2x.png"; sourceTree = "<group>"; };
		6E81DD5114D5BD4500A680DE /* Default.png */ = {isa = PBXFileReference; lastKnownFileType = image.png; path = Default.png; sourceTree = "<group>"; };
		6E81DD5714D5C33600A680DE /* fr */ = {isa = PBXFileReference; lastKnownFileType = text.plist.strings; name = fr; path = Localizable.strings; sourceTree = "<group>"; };
		6E81DD7614D5CEDD00A680DE /* Model.xcdatamodel */ = {isa = PBXFileReference; lastKnownFileType = wrapper.xcdatamodel; path = Model.xcdatamodel; sourceTree = "<group>"; };
		6E81DD7814D5CEF000A680DE /* Measure.h */ = {isa = PBXFileReference; fileEncoding = 4; lastKnownFileType = sourcecode.c.h; path = Measure.h; sourceTree = "<group>"; };
		6E81DD7914D5CEF000A680DE /* Measure.m */ = {isa = PBXFileReference; fileEncoding = 4; lastKnownFileType = sourcecode.c.objc; path = Measure.m; sourceTree = "<group>"; };
		6E81DD7A14D5CEF000A680DE /* NutritiveValue.h */ = {isa = PBXFileReference; fileEncoding = 4; lastKnownFileType = sourcecode.c.h; path = NutritiveValue.h; sourceTree = "<group>"; };
		6E81DD7B14D5CEF000A680DE /* NutritiveValue.m */ = {isa = PBXFileReference; fileEncoding = 4; lastKnownFileType = sourcecode.c.objc; path = NutritiveValue.m; sourceTree = "<group>"; };
		6E81DD7C14D5CEF000A680DE /* ConversionFactor.h */ = {isa = PBXFileReference; fileEncoding = 4; lastKnownFileType = sourcecode.c.h; path = ConversionFactor.h; sourceTree = "<group>"; };
		6E81DD7D14D5CEF000A680DE /* ConversionFactor.m */ = {isa = PBXFileReference; fileEncoding = 4; lastKnownFileType = sourcecode.c.objc; path = ConversionFactor.m; sourceTree = "<group>"; };
		6E81DD7E14D5CEF000A680DE /* FoodName.h */ = {isa = PBXFileReference; fileEncoding = 4; lastKnownFileType = sourcecode.c.h; path = FoodName.h; sourceTree = "<group>"; };
		6E81DD7F14D5CEF000A680DE /* FoodName.m */ = {isa = PBXFileReference; fileEncoding = 4; lastKnownFileType = sourcecode.c.objc; path = FoodName.m; sourceTree = "<group>"; };
		6E81DD8014D5CEF000A680DE /* NutritiveName.h */ = {isa = PBXFileReference; fileEncoding = 4; lastKnownFileType = sourcecode.c.h; path = NutritiveName.h; sourceTree = "<group>"; };
		6E81DD8114D5CEF000A680DE /* NutritiveName.m */ = {isa = PBXFileReference; fileEncoding = 4; lastKnownFileType = sourcecode.c.objc; path = NutritiveName.m; sourceTree = "<group>"; };
		6EAD165F14CC7DD400D82BFD /* Favorites.h */ = {isa = PBXFileReference; fileEncoding = 4; lastKnownFileType = sourcecode.c.h; path = Favorites.h; sourceTree = "<group>"; };
		6EAD166014CC7DD500D82BFD /* Favorites.m */ = {isa = PBXFileReference; fileEncoding = 4; lastKnownFileType = sourcecode.c.objc; path = Favorites.m; sourceTree = "<group>"; };
		6EAD166114CC7DD500D82BFD /* Favorites.xib */ = {isa = PBXFileReference; fileEncoding = 4; lastKnownFileType = file.xib; path = Favorites.xib; sourceTree = "<group>"; };
		6EAD166414CC7DE700D82BFD /* Settings.h */ = {isa = PBXFileReference; fileEncoding = 4; lastKnownFileType = sourcecode.c.h; path = Settings.h; sourceTree = "<group>"; };
		6EAD166514CC7DE700D82BFD /* Settings.m */ = {isa = PBXFileReference; fileEncoding = 4; lastKnownFileType = sourcecode.c.objc; path = Settings.m; sourceTree = "<group>"; };
		6EAD166614CC7DE700D82BFD /* Settings.xib */ = {isa = PBXFileReference; fileEncoding = 4; lastKnownFileType = file.xib; path = Settings.xib; sourceTree = "<group>"; };
		6EAD166914CC7DF400D82BFD /* Profiles.h */ = {isa = PBXFileReference; fileEncoding = 4; lastKnownFileType = sourcecode.c.h; path = Profiles.h; sourceTree = "<group>"; };
		6EAD166A14CC7DF400D82BFD /* Profiles.m */ = {isa = PBXFileReference; fileEncoding = 4; lastKnownFileType = sourcecode.c.objc; path = Profiles.m; sourceTree = "<group>"; };
		6EAD166B14CC7DF400D82BFD /* Profiles.xib */ = {isa = PBXFileReference; fileEncoding = 4; lastKnownFileType = file.xib; path = Profiles.xib; sourceTree = "<group>"; };
		6EAD166E14CC7F6300D82BFD /* SearchController.h */ = {isa = PBXFileReference; fileEncoding = 4; lastKnownFileType = sourcecode.c.h; path = SearchController.h; sourceTree = "<group>"; };
		6EAD166F14CC7F6300D82BFD /* SearchController.m */ = {isa = PBXFileReference; fileEncoding = 4; lastKnownFileType = sourcecode.c.objc; path = SearchController.m; sourceTree = "<group>"; };
		6EAD167514CC93CE00D82BFD /* FoodDetail.h */ = {isa = PBXFileReference; fileEncoding = 4; lastKnownFileType = sourcecode.c.h; path = FoodDetail.h; sourceTree = "<group>"; };
		6EAD167614CC93CE00D82BFD /* FoodDetail.m */ = {isa = PBXFileReference; fileEncoding = 4; lastKnownFileType = sourcecode.c.objc; path = FoodDetail.m; sourceTree = "<group>"; };
		6EAD167714CC93CF00D82BFD /* FoodDetail.xib */ = {isa = PBXFileReference; fileEncoding = 4; lastKnownFileType = file.xib; path = FoodDetail.xib; sourceTree = "<group>"; };
		6EAD167C14CCCE8800D82BFD /* LanguageHelper.h */ = {isa = PBXFileReference; fileEncoding = 4; lastKnownFileType = sourcecode.c.h; path = LanguageHelper.h; sourceTree = "<group>"; };
		6EAD167D14CCCE8800D82BFD /* LanguageHelper.m */ = {isa = PBXFileReference; fileEncoding = 4; lastKnownFileType = sourcecode.c.objc; path = LanguageHelper.m; sourceTree = "<group>"; };
		6EB9B2F114BA0AEB007C9666 /* Nutrient Wise.app */ = {isa = PBXFileReference; explicitFileType = wrapper.application; includeInIndex = 0; path = "Nutrient Wise.app"; sourceTree = BUILT_PRODUCTS_DIR; };
		6EB9B2F514BA0AEB007C9666 /* UIKit.framework */ = {isa = PBXFileReference; lastKnownFileType = wrapper.framework; name = UIKit.framework; path = System/Library/Frameworks/UIKit.framework; sourceTree = SDKROOT; };
		6EB9B2F714BA0AEB007C9666 /* Foundation.framework */ = {isa = PBXFileReference; lastKnownFileType = wrapper.framework; name = Foundation.framework; path = System/Library/Frameworks/Foundation.framework; sourceTree = SDKROOT; };
		6EB9B2F914BA0AEB007C9666 /* CoreGraphics.framework */ = {isa = PBXFileReference; lastKnownFileType = wrapper.framework; name = CoreGraphics.framework; path = System/Library/Frameworks/CoreGraphics.framework; sourceTree = SDKROOT; };
		6EB9B2FD14BA0AEB007C9666 /* Nutrient Wise-Info.plist */ = {isa = PBXFileReference; lastKnownFileType = text.plist.xml; path = "Nutrient Wise-Info.plist"; sourceTree = "<group>"; };
		6EB9B30114BA0AEB007C9666 /* main.m */ = {isa = PBXFileReference; lastKnownFileType = sourcecode.c.objc; path = main.m; sourceTree = "<group>"; };
		6EB9B30314BA0AEB007C9666 /* Nutrient Wise-Prefix.pch */ = {isa = PBXFileReference; lastKnownFileType = sourcecode.c.h; path = "Nutrient Wise-Prefix.pch"; sourceTree = "<group>"; };
		6EB9B30414BA0AEB007C9666 /* AppDelegate.h */ = {isa = PBXFileReference; lastKnownFileType = sourcecode.c.h; path = AppDelegate.h; sourceTree = "<group>"; };
		6EB9B30514BA0AEB007C9666 /* AppDelegate.m */ = {isa = PBXFileReference; lastKnownFileType = sourcecode.c.objc; path = AppDelegate.m; sourceTree = "<group>"; };
		6EB9B31D14BA0AEB007C9666 /* Nutrient WiseTests.octest */ = {isa = PBXFileReference; explicitFileType = wrapper.cfbundle; includeInIndex = 0; path = "Nutrient WiseTests.octest"; sourceTree = BUILT_PRODUCTS_DIR; };
		6EB9B31E14BA0AEB007C9666 /* SenTestingKit.framework */ = {isa = PBXFileReference; lastKnownFileType = wrapper.framework; name = SenTestingKit.framework; path = Library/Frameworks/SenTestingKit.framework; sourceTree = DEVELOPER_DIR; };
		6EB9B32614BA0AEB007C9666 /* Nutrient WiseTests-Info.plist */ = {isa = PBXFileReference; lastKnownFileType = text.plist.xml; path = "Nutrient WiseTests-Info.plist"; sourceTree = "<group>"; };
		6EB9B32814BA0AEB007C9666 /* en */ = {isa = PBXFileReference; lastKnownFileType = text.plist.strings; name = en; path = en.lproj/InfoPlist.strings; sourceTree = "<group>"; };
		6EB9B32A14BA0AEB007C9666 /* Nutrient_WiseTests.h */ = {isa = PBXFileReference; lastKnownFileType = sourcecode.c.h; path = Nutrient_WiseTests.h; sourceTree = "<group>"; };
		6EB9B32B14BA0AEB007C9666 /* Nutrient_WiseTests.m */ = {isa = PBXFileReference; lastKnownFileType = sourcecode.c.objc; path = Nutrient_WiseTests.m; sourceTree = "<group>"; };
		6EE9EB3314DC786A00F8ABC5 /* DATA_v1.5.sqlite */ = {isa = PBXFileReference; lastKnownFileType = file; path = DATA_v1.5.sqlite; sourceTree = "<group>"; };
		6EE9EB3B14DCAFA800F8ABC5 /* iTunesArtwork */ = {isa = PBXFileReference; lastKnownFileType = file; path = iTunesArtwork; sourceTree = "<group>"; };
		6EF19C5214DA01AB002790E7 /* HeaderCM@2x.png */ = {isa = PBXFileReference; lastKnownFileType = image.png; path = "HeaderCM@2x.png"; sourceTree = "<group>"; };
		6EF19C5314DA01AB002790E7 /* HeaderCM.png */ = {isa = PBXFileReference; lastKnownFileType = image.png; path = HeaderCM.png; sourceTree = "<group>"; };
		6EF19C5714DA05B5002790E7 /* MKiCloudSync.h */ = {isa = PBXFileReference; fileEncoding = 4; lastKnownFileType = sourcecode.c.h; path = MKiCloudSync.h; sourceTree = "<group>"; };
		6EF19C5814DA05B5002790E7 /* MKiCloudSync.m */ = {isa = PBXFileReference; fileEncoding = 4; lastKnownFileType = sourcecode.c.objc; path = MKiCloudSync.m; sourceTree = "<group>"; };
		6EF19C5F14DAAD25002790E7 /* Nutrient Wise.entitlements */ = {isa = PBXFileReference; lastKnownFileType = text.xml; path = "Nutrient Wise.entitlements"; sourceTree = "<group>"; };
		6EF19C6014DB46CF002790E7 /* about-fr.html */ = {isa = PBXFileReference; fileEncoding = 4; lastKnownFileType = text.html; path = "about-fr.html"; sourceTree = "<group>"; };
		6EF19C6214DB4A23002790E7 /* about-en.html */ = {isa = PBXFileReference; fileEncoding = 4; lastKnownFileType = text.html; path = "about-en.html"; sourceTree = "<group>"; };
/* End PBXFileReference section */

/* Begin PBXFrameworksBuildPhase section */
		6EB9B2EE14BA0AEB007C9666 /* Frameworks */ = {
			isa = PBXFrameworksBuildPhase;
			buildActionMask = 2147483647;
			files = (
				6E3E404414BA535E002048B8 /* CoreData.framework in Frameworks */,
				6EB9B2F614BA0AEB007C9666 /* UIKit.framework in Frameworks */,
				6EB9B2F814BA0AEB007C9666 /* Foundation.framework in Frameworks */,
				6EB9B2FA14BA0AEB007C9666 /* CoreGraphics.framework in Frameworks */,
			);
			runOnlyForDeploymentPostprocessing = 0;
		};
		6EB9B31914BA0AEB007C9666 /* Frameworks */ = {
			isa = PBXFrameworksBuildPhase;
			buildActionMask = 2147483647;
			files = (
				6EB9B31F14BA0AEB007C9666 /* SenTestingKit.framework in Frameworks */,
				6EB9B32014BA0AEB007C9666 /* UIKit.framework in Frameworks */,
				6EB9B32114BA0AEB007C9666 /* Foundation.framework in Frameworks */,
			);
			runOnlyForDeploymentPostprocessing = 0;
		};
/* End PBXFrameworksBuildPhase section */

/* Begin PBXGroup section */
		17F98E8214D4FFFF004644BF /* Helpers */ = {
			isa = PBXGroup;
			children = (
				6E81DCB314D46D6D00A680DE /* CellHelper.h */,
				6E81DCB414D46D6D00A680DE /* CellHelper.m */,
				6EAD167C14CCCE8800D82BFD /* LanguageHelper.h */,
				6E528B9114CDA9FD00712D87 /* FavoriteHelper.h */,
				6EAD167D14CCCE8800D82BFD /* LanguageHelper.m */,
				6E528B9214CDA9FD00712D87 /* FavoriteHelper.m */,
				6E528B8D14CDA01800712D87 /* ProfileHelper.h */,
				6E528B8E14CDA01800712D87 /* ProfileHelper.m */,
				17F98E8814D50123004644BF /* ArrayHelper.h */,
				17F98E8914D50123004644BF /* ArrayHelper.m */,
			);
			name = Helpers;
			sourceTree = "<group>";
		};
		6E2E513F180852BF00583908 /* Activities */ = {
			isa = PBXGroup;
			children = (
				6E2E5140180852DF00583908 /* FavoriteActivity.h */,
				6E2E5141180852DF00583908 /* FavoriteActivity.m */,
			);
			name = Activities;
			sourceTree = "<group>";
		};
		6E2E5175180C739800583908 /* Categories */ = {
			isa = PBXGroup;
			children = (
				6E2E5176180C73BC00583908 /* UISearchBar+UISearchBarLocalized.h */,
				6E2E5177180C73BC00583908 /* UISearchBar+UISearchBarLocalized.m */,
			);
			name = Categories;
			sourceTree = "<group>";
		};
		6E417F6114BE584300F2A2AC /* Model */ = {
			isa = PBXGroup;
			children = (
				6E81DD7814D5CEF000A680DE /* Measure.h */,
				6E81DD7914D5CEF000A680DE /* Measure.m */,
				6E81DD7A14D5CEF000A680DE /* NutritiveValue.h */,
				6E81DD7B14D5CEF000A680DE /* NutritiveValue.m */,
				6E81DD7C14D5CEF000A680DE /* ConversionFactor.h */,
				6E81DD7D14D5CEF000A680DE /* ConversionFactor.m */,
				6E81DD7E14D5CEF000A680DE /* FoodName.h */,
				6E81DD7F14D5CEF000A680DE /* FoodName.m */,
				6E81DD8014D5CEF000A680DE /* NutritiveName.h */,
				6E81DD8114D5CEF000A680DE /* NutritiveName.m */,
			);
			name = Model;
			sourceTree = "<group>";
		};
		6E81DC8514CE336800A680DE /* Icons */ = {
			isa = PBXGroup;
			children = (
				6E2E51431808A81900583908 /* test.jpg */,
				6EE9EB3B14DCAFA800F8ABC5 /* iTunesArtwork */,
				6E2E51551808B25900583908 /* 708-search.png */,
				6E2E51561808B25900583908 /* 708-search@2x.png */,
				6E2E514D1808ABDE00583908 /* 709-plus.png */,
				6E2E514E1808ABDE00583908 /* 709-plus@2x.png */,
				6E2E51511808AD5C00583908 /* 709-minus.png */,
				6E2E51521808AD5C00583908 /* 709-minus@2x.png */,
				6E2E515D1808B3E700583908 /* 748-heart.png */,
				6E2E515E1808B3E700583908 /* 748-heart@2x.png */,
				6E2E51651808B46F00583908 /* 809-clipboard.png */,
				6E2E51661808B46F00583908 /* 809-clipboard@2x.png */,
				6E2E51711808B5FF00583908 /* 740-gear.png */,
				6E2E51721808B5FF00583908 /* 740-gear@2x.png */,
				6E81DD5114D5BD4500A680DE /* Default.png */,
				6E81DD4F14D5BD4000A680DE /* Default@2x.png */,
				6EF19C5214DA01AB002790E7 /* HeaderCM@2x.png */,
				6EF19C5314DA01AB002790E7 /* HeaderCM.png */,
			);
			name = Icons;
			sourceTree = "<group>";
		};
		6E81DCEB14D4A6CB00A680DE /* en.lproj */ = {
			isa = PBXGroup;
			children = (
				6E81DCEC14D4A6CB00A680DE /* Localizable.strings */,
			);
			path = en.lproj;
			sourceTree = "<group>";
		};
		6E81DCF214D4A72400A680DE /* fr.lproj */ = {
			isa = PBXGroup;
			children = (
				6E81DD5614D5C33600A680DE /* Localizable.strings */,
			);
			path = fr.lproj;
			sourceTree = "<group>";
		};
		6EB9B2E614BA0AEB007C9666 = {
			isa = PBXGroup;
			children = (
				6E6F3FAD1624D43300457BE9 /* Default-568h@2x.png */,
				6E81DD4D14D5BCBF00A680DE /* NutrientWise_114.png */,
				6E81DD4B14D5BCB500A680DE /* NutrientWise_57.png */,
				6E2E5183180C8FA700583908 /* nutrientwise_58.png */,
				6E2E5184180C8FA700583908 /* nutrientwise_80.png */,
				6E2E5185180C8FA700583908 /* nutrientwise_120.png */,
				6E2E517B180C8D6700583908 /* Images.xcassets */,
				6EF19C5614DA059C002790E7 /* external */,
				6EB9B35914BA1777007C9666 /* Resources */,
				6EB9B2FB14BA0AEB007C9666 /* Nutrient Wise */,
				6EB9B32414BA0AEB007C9666 /* Nutrient WiseTests */,
				6EB9B2F414BA0AEB007C9666 /* Frameworks */,
				6EB9B2F214BA0AEB007C9666 /* Products */,
			);
			sourceTree = "<group>";
		};
		6EB9B2F214BA0AEB007C9666 /* Products */ = {
			isa = PBXGroup;
			children = (
				6EB9B2F114BA0AEB007C9666 /* Nutrient Wise.app */,
				6EB9B31D14BA0AEB007C9666 /* Nutrient WiseTests.octest */,
			);
			name = Products;
			sourceTree = "<group>";
		};
		6EB9B2F414BA0AEB007C9666 /* Frameworks */ = {
			isa = PBXGroup;
			children = (
				6E3E404314BA535E002048B8 /* CoreData.framework */,
				6EB9B2F514BA0AEB007C9666 /* UIKit.framework */,
				6EB9B2F714BA0AEB007C9666 /* Foundation.framework */,
				6EB9B2F914BA0AEB007C9666 /* CoreGraphics.framework */,
				6EB9B31E14BA0AEB007C9666 /* SenTestingKit.framework */,
			);
			name = Frameworks;
			sourceTree = "<group>";
		};
		6EB9B2FB14BA0AEB007C9666 /* Nutrient Wise */ = {
			isa = PBXGroup;
			children = (
				6EF19C5F14DAAD25002790E7 /* Nutrient Wise.entitlements */,
				6E2E5175180C739800583908 /* Categories */,
				6E2E513F180852BF00583908 /* Activities */,
				17F98E8214D4FFFF004644BF /* Helpers */,
				6E417F6114BE584300F2A2AC /* Model */,
				6E740AEC14C77964007A0C72 /* Search.h */,
				6E740AED14C77964007A0C72 /* Search.m */,
				6E47A71217BADCD400BC44E5 /* NutrientValueCell.h */,
				6E47A71317BADCD400BC44E5 /* NutrientValueCell.m */,
				6E740AEE14C77964007A0C72 /* Search.xib */,
				6EAD166E14CC7F6300D82BFD /* SearchController.h */,
				6EAD166F14CC7F6300D82BFD /* SearchController.m */,
				6EAD167514CC93CE00D82BFD /* FoodDetail.h */,
				6EAD167614CC93CE00D82BFD /* FoodDetail.m */,
				6EAD167714CC93CF00D82BFD /* FoodDetail.xib */,
				6E81DC9914D0CBAD00A680DE /* MeasureSelection.h */,
				6E81DC9A14D0CBAE00A680DE /* MeasureSelection.m */,
				6E81DC9B14D0CBAF00A680DE /* MeasureSelection.xib */,
				6E81DC9E14D0D58000A680DE /* AllNutritiveValues.h */,
				6E81DC9F14D0D58100A680DE /* AllNutritiveValues.m */,
				6E81DCA014D0D58100A680DE /* AllNutritiveValues.xib */,
				6EAD165F14CC7DD400D82BFD /* Favorites.h */,
				6EAD166014CC7DD500D82BFD /* Favorites.m */,
				6EAD166114CC7DD500D82BFD /* Favorites.xib */,
				6E81DC7B14CE1F4A00A680DE /* FavoritesController.h */,
				6E81DC7C14CE1F4A00A680DE /* FavoritesController.m */,
				6EAD166914CC7DF400D82BFD /* Profiles.h */,
				6EAD166A14CC7DF400D82BFD /* Profiles.m */,
				6EAD166B14CC7DF400D82BFD /* Profiles.xib */,
				6E81DCC114D47B1B00A680DE /* ProfilesController.h */,
				6E81DCC214D47B1B00A680DE /* ProfilesController.m */,
				6E81DCC614D47BF400A680DE /* ProfileSelection.h */,
				6E81DCC714D47BF500A680DE /* ProfileSelection.m */,
				6E81DCC814D47BF600A680DE /* ProfileSelection.xib */,
				6EAD166414CC7DE700D82BFD /* Settings.h */,
				6EAD166514CC7DE700D82BFD /* Settings.m */,
				6EAD166614CC7DE700D82BFD /* Settings.xib */,
				6E81DCB714D4713F00A680DE /* SettingsController.h */,
				6E81DCB814D4713F00A680DE /* SettingsController.m */,
				6E81DCBC14D4779C00A680DE /* SettingsLanguage.h */,
				6E81DCBD14D4779D00A680DE /* SettingsLanguage.m */,
				6E81DCBE14D4779D00A680DE /* SettingsLanguage.xib */,
				6EB9B30414BA0AEB007C9666 /* AppDelegate.h */,
				6EB9B30514BA0AEB007C9666 /* AppDelegate.m */,
				6E740AE814C7761E007A0C72 /* TabBarController.xib */,
				6E81DC8014CE32D500A680DE /* About.h */,
				6E81DC8114CE32D500A680DE /* About.m */,
				6E81DC8214CE32D600A680DE /* About.xib */,
				6E417F3914BE50B000F2A2AC /* Finder.h */,
				6E417F3A14BE50B000F2A2AC /* Finder.m */,
				6EB9B2FC14BA0AEB007C9666 /* Supporting Files */,
			);
			path = "Nutrient Wise";
			sourceTree = "<group>";
		};
		6EB9B2FC14BA0AEB007C9666 /* Supporting Files */ = {
			isa = PBXGroup;
			children = (
				6E81DCF214D4A72400A680DE /* fr.lproj */,
				6E81DCEB14D4A6CB00A680DE /* en.lproj */,
				6EB9B2FD14BA0AEB007C9666 /* Nutrient Wise-Info.plist */,
				6EB9B30114BA0AEB007C9666 /* main.m */,
				6EF19C6014DB46CF002790E7 /* about-fr.html */,
				6EF19C6214DB4A23002790E7 /* about-en.html */,
				6EB9B30314BA0AEB007C9666 /* Nutrient Wise-Prefix.pch */,
			);
			name = "Supporting Files";
			sourceTree = "<group>";
		};
		6EB9B32414BA0AEB007C9666 /* Nutrient WiseTests */ = {
			isa = PBXGroup;
			children = (
				6EB9B32A14BA0AEB007C9666 /* Nutrient_WiseTests.h */,
				6EB9B32B14BA0AEB007C9666 /* Nutrient_WiseTests.m */,
				6EB9B32514BA0AEB007C9666 /* Supporting Files */,
			);
			path = "Nutrient WiseTests";
			sourceTree = "<group>";
		};
		6EB9B32514BA0AEB007C9666 /* Supporting Files */ = {
			isa = PBXGroup;
			children = (
				6EB9B32614BA0AEB007C9666 /* Nutrient WiseTests-Info.plist */,
				6EB9B32714BA0AEB007C9666 /* InfoPlist.strings */,
			);
			name = "Supporting Files";
			sourceTree = "<group>";
		};
		6EB9B35914BA1777007C9666 /* Resources */ = {
			isa = PBXGroup;
			children = (
				6E81DC8514CE336800A680DE /* Icons */,
				6E81DD7614D5CEDD00A680DE /* Model.xcdatamodel */,
				6EE9EB3314DC786A00F8ABC5 /* DATA_v1.5.sqlite */,
			);
			name = Resources;
			sourceTree = "<group>";
		};
		6EF19C5614DA059C002790E7 /* external */ = {
			isa = PBXGroup;
			children = (
				6EF19C5714DA05B5002790E7 /* MKiCloudSync.h */,
				6EF19C5814DA05B5002790E7 /* MKiCloudSync.m */,
			);
			name = external;
			sourceTree = "<group>";
		};
/* End PBXGroup section */

/* Begin PBXNativeTarget section */
		6EB9B2F014BA0AEB007C9666 /* Nutrient Wise */ = {
			isa = PBXNativeTarget;
			buildConfigurationList = 6EB9B32F14BA0AEB007C9666 /* Build configuration list for PBXNativeTarget "Nutrient Wise" */;
			buildPhases = (
				6EB9B2ED14BA0AEB007C9666 /* Sources */,
				6EB9B2EE14BA0AEB007C9666 /* Frameworks */,
				6EB9B2EF14BA0AEB007C9666 /* Resources */,
			);
			buildRules = (
			);
			dependencies = (
			);
			name = "Nutrient Wise";
			productName = "Nutrient Wise";
			productReference = 6EB9B2F114BA0AEB007C9666 /* Nutrient Wise.app */;
			productType = "com.apple.product-type.application";
		};
		6EB9B31C14BA0AEB007C9666 /* Nutrient WiseTests */ = {
			isa = PBXNativeTarget;
			buildConfigurationList = 6EB9B33214BA0AEB007C9666 /* Build configuration list for PBXNativeTarget "Nutrient WiseTests" */;
			buildPhases = (
				6EB9B31814BA0AEB007C9666 /* Sources */,
				6EB9B31914BA0AEB007C9666 /* Frameworks */,
				6EB9B31A14BA0AEB007C9666 /* Resources */,
				6EB9B31B14BA0AEB007C9666 /* ShellScript */,
			);
			buildRules = (
			);
			dependencies = (
				6EB9B32314BA0AEB007C9666 /* PBXTargetDependency */,
			);
			name = "Nutrient WiseTests";
			productName = "Nutrient WiseTests";
			productReference = 6EB9B31D14BA0AEB007C9666 /* Nutrient WiseTests.octest */;
			productType = "com.apple.product-type.bundle";
		};
/* End PBXNativeTarget section */

/* Begin PBXProject section */
		6EB9B2E814BA0AEB007C9666 /* Project object */ = {
			isa = PBXProject;
			attributes = {
				LastUpgradeCheck = 0500;
				TargetAttributes = {
					6EB9B2F014BA0AEB007C9666 = {
						DevelopmentTeam = 654X66AK24;
					};
				};
			};
			buildConfigurationList = 6EB9B2EB14BA0AEB007C9666 /* Build configuration list for PBXProject "Nutrient Wise" */;
			compatibilityVersion = "Xcode 3.2";
			developmentRegion = English;
			hasScannedForEncodings = 0;
			knownRegions = (
				en,
				fr,
			);
			mainGroup = 6EB9B2E614BA0AEB007C9666;
			productRefGroup = 6EB9B2F214BA0AEB007C9666 /* Products */;
			projectDirPath = "";
			projectRoot = "";
			targets = (
				6EB9B2F014BA0AEB007C9666 /* Nutrient Wise */,
				6EB9B31C14BA0AEB007C9666 /* Nutrient WiseTests */,
			);
		};
/* End PBXProject section */

/* Begin PBXResourcesBuildPhase section */
		6EB9B2EF14BA0AEB007C9666 /* Resources */ = {
			isa = PBXResourcesBuildPhase;
			buildActionMask = 2147483647;
			files = (
				6E740AEA14C7761E007A0C72 /* TabBarController.xib in Resources */,
				6E740AF014C77964007A0C72 /* Search.xib in Resources */,
				6EAD166314CC7DD500D82BFD /* Favorites.xib in Resources */,
				6EAD166814CC7DE700D82BFD /* Settings.xib in Resources */,
				6E2E51601808B3E700583908 /* 748-heart@2x.png in Resources */,
				6E2E5186180C8FA700583908 /* nutrientwise_58.png in Resources */,
				6EAD166D14CC7DF500D82BFD /* Profiles.xib in Resources */,
				6EAD167914CC93CF00D82BFD /* FoodDetail.xib in Resources */,
				6E2E51501808ABDE00583908 /* 709-plus@2x.png in Resources */,
				6E2E51671808B46F00583908 /* 809-clipboard.png in Resources */,
				6E2E51731808B5FF00583908 /* 740-gear.png in Resources */,
				6E2E514F1808ABDE00583908 /* 709-plus.png in Resources */,
				6E81DC8414CE32D600A680DE /* About.xib in Resources */,
				6E81DC9D14D0CBB000A680DE /* MeasureSelection.xib in Resources */,
				6E2E51441808A81900583908 /* test.jpg in Resources */,
				6E81DCA214D0D58200A680DE /* AllNutritiveValues.xib in Resources */,
				6E2E517C180C8D6700583908 /* Images.xcassets in Resources */,
				6E2E51741808B5FF00583908 /* 740-gear@2x.png in Resources */,
				6E81DCC014D4779F00A680DE /* SettingsLanguage.xib in Resources */,
				6E2E5187180C8FA700583908 /* nutrientwise_80.png in Resources */,
				6E81DCCA14D47BF700A680DE /* ProfileSelection.xib in Resources */,
				6E81DCF014D4A6CB00A680DE /* Localizable.strings in Resources */,
				6E81DD4C14D5BCB600A680DE /* NutrientWise_57.png in Resources */,
				6E2E51581808B25900583908 /* 708-search@2x.png in Resources */,
				6E81DD4E14D5BCBF00A680DE /* NutrientWise_114.png in Resources */,
				6E81DD5014D5BD4000A680DE /* Default@2x.png in Resources */,
				6E81DD5214D5BD4600A680DE /* Default.png in Resources */,
				6E2E515F1808B3E700583908 /* 748-heart.png in Resources */,
				6E81DD5814D5C33600A680DE /* Localizable.strings in Resources */,
				6E2E51541808AD5C00583908 /* 709-minus@2x.png in Resources */,
				6EF19C5414DA01AB002790E7 /* HeaderCM@2x.png in Resources */,
				6EF19C5514DA01AB002790E7 /* HeaderCM.png in Resources */,
				6EF19C6114DB46CF002790E7 /* about-fr.html in Resources */,
				6E2E51531808AD5C00583908 /* 709-minus.png in Resources */,
				6E2E51571808B25900583908 /* 708-search.png in Resources */,
				6EF19C6314DB4A23002790E7 /* about-en.html in Resources */,
				6EE9EB3414DC786A00F8ABC5 /* DATA_v1.5.sqlite in Resources */,
				6EE9EB3C14DCAFA800F8ABC5 /* iTunesArtwork in Resources */,
				6E2E51681808B46F00583908 /* 809-clipboard@2x.png in Resources */,
				6E2E5188180C8FA700583908 /* nutrientwise_120.png in Resources */,
				6E6F3FAE1624D43300457BE9 /* Default-568h@2x.png in Resources */,
			);
			runOnlyForDeploymentPostprocessing = 0;
		};
		6EB9B31A14BA0AEB007C9666 /* Resources */ = {
			isa = PBXResourcesBuildPhase;
			buildActionMask = 2147483647;
			files = (
				6EB9B32914BA0AEB007C9666 /* InfoPlist.strings in Resources */,
			);
			runOnlyForDeploymentPostprocessing = 0;
		};
/* End PBXResourcesBuildPhase section */

/* Begin PBXShellScriptBuildPhase section */
		6EB9B31B14BA0AEB007C9666 /* ShellScript */ = {
			isa = PBXShellScriptBuildPhase;
			buildActionMask = 2147483647;
			files = (
			);
			inputPaths = (
			);
			outputPaths = (
			);
			runOnlyForDeploymentPostprocessing = 0;
			shellPath = /bin/sh;
			shellScript = "# Run the unit tests in this test bundle.\n\"${SYSTEM_DEVELOPER_DIR}/Tools/RunUnitTests\"\n";
		};
/* End PBXShellScriptBuildPhase section */

/* Begin PBXSourcesBuildPhase section */
		6EB9B2ED14BA0AEB007C9666 /* Sources */ = {
			isa = PBXSourcesBuildPhase;
			buildActionMask = 2147483647;
			files = (
				6E81DD4914D5BB5000A680DE /* SearchController.m in Sources */,
				6EB9B30214BA0AEB007C9666 /* main.m in Sources */,
				6E47A71417BADCD400BC44E5 /* NutrientValueCell.m in Sources */,
				6EB9B30614BA0AEB007C9666 /* AppDelegate.m in Sources */,
				6E417F3B14BE50B000F2A2AC /* Finder.m in Sources */,
				6E740AEF14C77964007A0C72 /* Search.m in Sources */,
				6EAD166214CC7DD500D82BFD /* Favorites.m in Sources */,
				6EAD166714CC7DE700D82BFD /* Settings.m in Sources */,
				6EAD166C14CC7DF500D82BFD /* Profiles.m in Sources */,
				6EAD167814CC93CF00D82BFD /* FoodDetail.m in Sources */,
				6EAD167E14CCCE8900D82BFD /* LanguageHelper.m in Sources */,
				6E528B8F14CDA01800712D87 /* ProfileHelper.m in Sources */,
				6E528B9314CDA9FD00712D87 /* FavoriteHelper.m in Sources */,
				6E81DC7D14CE1F4A00A680DE /* FavoritesController.m in Sources */,
				6E81DC8314CE32D600A680DE /* About.m in Sources */,
				6E81DC9C14D0CBB000A680DE /* MeasureSelection.m in Sources */,
				6E81DCA114D0D58200A680DE /* AllNutritiveValues.m in Sources */,
				6E81DCB514D46D6E00A680DE /* CellHelper.m in Sources */,
				6E81DCBA14D4714000A680DE /* SettingsController.m in Sources */,
				6E81DCBF14D4779F00A680DE /* SettingsLanguage.m in Sources */,
				6E81DCC414D47B1E00A680DE /* ProfilesController.m in Sources */,
				6E2E5178180C73BC00583908 /* UISearchBar+UISearchBarLocalized.m in Sources */,
				6E2E5142180852DF00583908 /* FavoriteActivity.m in Sources */,
				6E81DCC914D47BF700A680DE /* ProfileSelection.m in Sources */,
				17F98E8A14D50123004644BF /* ArrayHelper.m in Sources */,
				6E81DD7714D5CEDD00A680DE /* Model.xcdatamodel in Sources */,
				6E81DD8214D5CEF000A680DE /* Measure.m in Sources */,
				6E81DD8314D5CEF000A680DE /* NutritiveValue.m in Sources */,
				6E81DD8414D5CEF000A680DE /* ConversionFactor.m in Sources */,
				6E81DD8514D5CEF000A680DE /* FoodName.m in Sources */,
				6E81DD8614D5CEF000A680DE /* NutritiveName.m in Sources */,
				6EF19C5914DA05B5002790E7 /* MKiCloudSync.m in Sources */,
			);
			runOnlyForDeploymentPostprocessing = 0;
		};
		6EB9B31814BA0AEB007C9666 /* Sources */ = {
			isa = PBXSourcesBuildPhase;
			buildActionMask = 2147483647;
			files = (
				6EB9B32C14BA0AEB007C9666 /* Nutrient_WiseTests.m in Sources */,
			);
			runOnlyForDeploymentPostprocessing = 0;
		};
/* End PBXSourcesBuildPhase section */

/* Begin PBXTargetDependency section */
		6EB9B32314BA0AEB007C9666 /* PBXTargetDependency */ = {
			isa = PBXTargetDependency;
			target = 6EB9B2F014BA0AEB007C9666 /* Nutrient Wise */;
			targetProxy = 6EB9B32214BA0AEB007C9666 /* PBXContainerItemProxy */;
		};
/* End PBXTargetDependency section */

/* Begin PBXVariantGroup section */
		6E81DCEC14D4A6CB00A680DE /* Localizable.strings */ = {
			isa = PBXVariantGroup;
			children = (
				6E81DCED14D4A6CB00A680DE /* en */,
			);
			name = Localizable.strings;
			sourceTree = "<group>";
		};
		6E81DD5614D5C33600A680DE /* Localizable.strings */ = {
			isa = PBXVariantGroup;
			children = (
				6E81DD5714D5C33600A680DE /* fr */,
			);
			name = Localizable.strings;
			sourceTree = "<group>";
		};
		6EB9B32714BA0AEB007C9666 /* InfoPlist.strings */ = {
			isa = PBXVariantGroup;
			children = (
				6EB9B32814BA0AEB007C9666 /* en */,
			);
			name = InfoPlist.strings;
			sourceTree = "<group>";
		};
/* End PBXVariantGroup section */

/* Begin XCBuildConfiguration section */
		6EB9B32D14BA0AEB007C9666 /* Debug */ = {
			isa = XCBuildConfiguration;
			buildSettings = {
				ALWAYS_SEARCH_USER_PATHS = NO;
				CLANG_ENABLE_OBJC_ARC = YES;
				CLANG_WARN_BOOL_CONVERSION = YES;
				CLANG_WARN_CONSTANT_CONVERSION = YES;
				CLANG_WARN_EMPTY_BODY = YES;
				CLANG_WARN_ENUM_CONVERSION = YES;
				CLANG_WARN_INT_CONVERSION = YES;
				CLANG_WARN__DUPLICATE_METHOD_MATCH = YES;
				CODE_SIGN_IDENTITY = "iPhone Distribution: Jean-Francois Dufour (654X66AK24)";
				"CODE_SIGN_IDENTITY[sdk=iphoneos*]" = "iPhone Distribution: Jean-Francois Dufour (654X66AK24)";
				COPY_PHASE_STRIP = NO;
				GCC_C_LANGUAGE_STANDARD = gnu99;
				GCC_DYNAMIC_NO_PIC = NO;
				GCC_OPTIMIZATION_LEVEL = 0;
				GCC_PREPROCESSOR_DEFINITIONS = (
					"DEBUG=1",
					"$(inherited)",
				);
				GCC_SYMBOLS_PRIVATE_EXTERN = NO;
				GCC_VERSION = com.apple.compilers.llvm.clang.1_0;
				GCC_WARN_ABOUT_MISSING_PROTOTYPES = YES;
				GCC_WARN_ABOUT_RETURN_TYPE = YES;
				GCC_WARN_UNDECLARED_SELECTOR = YES;
				GCC_WARN_UNINITIALIZED_AUTOS = YES;
				GCC_WARN_UNUSED_FUNCTION = YES;
				GCC_WARN_UNUSED_VARIABLE = YES;
				IPHONEOS_DEPLOYMENT_TARGET = 7.0;
				ONLY_ACTIVE_ARCH = YES;
				PRODUCT_NAME = "Nutrient Wise";
				PROVISIONING_PROFILE = "E08E9B59-E2CB-4455-9D21-CCB6E57A80A3";
				"PROVISIONING_PROFILE[sdk=iphoneos*]" = "F50C963B-D690-4E73-A27E-3BB9FCA4A5C0";
				SDKROOT = iphoneos;
			};
			name = Debug;
		};
		6EB9B32E14BA0AEB007C9666 /* Release */ = {
			isa = XCBuildConfiguration;
			buildSettings = {
				ALWAYS_SEARCH_USER_PATHS = NO;
				CLANG_ENABLE_OBJC_ARC = YES;
				CLANG_WARN_BOOL_CONVERSION = YES;
				CLANG_WARN_CONSTANT_CONVERSION = YES;
				CLANG_WARN_EMPTY_BODY = YES;
				CLANG_WARN_ENUM_CONVERSION = YES;
				CLANG_WARN_INT_CONVERSION = YES;
				CLANG_WARN__DUPLICATE_METHOD_MATCH = YES;
				CODE_SIGN_IDENTITY = "iPhone Distribution: Jean-Francois Dufour (654X66AK24)";
				"CODE_SIGN_IDENTITY[sdk=iphoneos*]" = "iPhone Distribution: Jean-Francois Dufour";
				COPY_PHASE_STRIP = YES;
				GCC_C_LANGUAGE_STANDARD = gnu99;
				GCC_VERSION = com.apple.compilers.llvm.clang.1_0;
				GCC_WARN_ABOUT_MISSING_PROTOTYPES = YES;
				GCC_WARN_ABOUT_RETURN_TYPE = YES;
				GCC_WARN_UNDECLARED_SELECTOR = YES;
				GCC_WARN_UNINITIALIZED_AUTOS = YES;
				GCC_WARN_UNUSED_FUNCTION = YES;
				GCC_WARN_UNUSED_VARIABLE = YES;
				IPHONEOS_DEPLOYMENT_TARGET = 7.0;
				OTHER_CFLAGS = "-DNS_BLOCK_ASSERTIONS=1";
				PRODUCT_NAME = "Nutrient Wise";
				PROVISIONING_PROFILE = "E08E9B59-E2CB-4455-9D21-CCB6E57A80A3";
				"PROVISIONING_PROFILE[sdk=iphoneos*]" = "F50C963B-D690-4E73-A27E-3BB9FCA4A5C0";
				SDKROOT = iphoneos;
				VALIDATE_PRODUCT = YES;
			};
			name = Release;
		};
		6EB9B33014BA0AEB007C9666 /* Debug */ = {
			isa = XCBuildConfiguration;
			buildSettings = {
				ASSETCATALOG_COMPILER_APPICON_NAME = AppIcon;
				ASSETCATALOG_COMPILER_LAUNCHIMAGE_NAME = LaunchImage;
				CODE_SIGN_ENTITLEMENTS = "Nutrient Wise/Nutrient Wise.entitlements";
				CODE_SIGN_IDENTITY = "iPhone Developer: Jean-Francois Dufour (7XPDQ77MET)";
				"CODE_SIGN_IDENTITY[sdk=iphoneos*]" = "iPhone Developer: Jean-Francois Dufour (7XPDQ77MET)";
				COMPRESS_PNG_FILES = YES;
				GCC_PRECOMPILE_PREFIX_HEADER = YES;
				GCC_PREFIX_HEADER = "Nutrient Wise/Nutrient Wise-Prefix.pch";
				INFOPLIST_FILE = "Nutrient Wise/Nutrient Wise-Info.plist";
				IPHONEOS_DEPLOYMENT_TARGET = 7.0;
				PRODUCT_NAME = "Nutrient Wise";
				PROVISIONING_PROFILE = "B4894700-816C-4D99-9D87-4D7893DDF969";
				TARGETED_DEVICE_FAMILY = 1;
				WRAPPER_EXTENSION = app;
			};
			name = Debug;
		};
		6EB9B33114BA0AEB007C9666 /* Release */ = {
			isa = XCBuildConfiguration;
			buildSettings = {
				ASSETCATALOG_COMPILER_APPICON_NAME = AppIcon;
				ASSETCATALOG_COMPILER_LAUNCHIMAGE_NAME = LaunchImage;
				CODE_SIGN_ENTITLEMENTS = "Nutrient Wise/Nutrient Wise.entitlements";
				CODE_SIGN_IDENTITY = "iPhone Distribution: Jean-Francois Dufour (654X66AK24)";
				"CODE_SIGN_IDENTITY[sdk=iphoneos*]" = "iPhone Developer";
				COMPRESS_PNG_FILES = YES;
				GCC_PRECOMPILE_PREFIX_HEADER = YES;
				GCC_PREFIX_HEADER = "Nutrient Wise/Nutrient Wise-Prefix.pch";
				INFOPLIST_FILE = "Nutrient Wise/Nutrient Wise-Info.plist";
				IPHONEOS_DEPLOYMENT_TARGET = 7.0;
				PRODUCT_NAME = "Nutrient Wise";
				PROVISIONING_PROFILE = "B4894700-816C-4D99-9D87-4D7893DDF969";
				"PROVISIONING_PROFILE[sdk=iphoneos*]" = "B4894700-816C-4D99-9D87-4D7893DDF969";
				TARGETED_DEVICE_FAMILY = 1;
				WRAPPER_EXTENSION = app;
			};
			name = Release;
		};
		6EB9B33314BA0AEB007C9666 /* Debug */ = {
			isa = XCBuildConfiguration;
			buildSettings = {
				BUNDLE_LOADER = "$(BUILT_PRODUCTS_DIR)/Nutrient Wise.app/Nutrient Wise";
				FRAMEWORK_SEARCH_PATHS = (
					"$(SDKROOT)/Developer/Library/Frameworks",
					"$(DEVELOPER_LIBRARY_DIR)/Frameworks",
				);
				GCC_PRECOMPILE_PREFIX_HEADER = YES;
				GCC_PREFIX_HEADER = "Nutrient Wise/Nutrient Wise-Prefix.pch";
				INFOPLIST_FILE = "Nutrient WiseTests/Nutrient WiseTests-Info.plist";
				PRODUCT_NAME = "Nutrient WiseTests";
				TEST_HOST = "$(BUNDLE_LOADER)";
				WRAPPER_EXTENSION = octest;
			};
			name = Debug;
		};
		6EB9B33414BA0AEB007C9666 /* Release */ = {
			isa = XCBuildConfiguration;
			buildSettings = {
				BUNDLE_LOADER = "$(BUILT_PRODUCTS_DIR)/Nutrient Wise.app/Nutrient Wise";
				FRAMEWORK_SEARCH_PATHS = (
					"$(SDKROOT)/Developer/Library/Frameworks",
					"$(DEVELOPER_LIBRARY_DIR)/Frameworks",
				);
				GCC_PRECOMPILE_PREFIX_HEADER = YES;
				GCC_PREFIX_HEADER = "Nutrient Wise/Nutrient Wise-Prefix.pch";
				INFOPLIST_FILE = "Nutrient WiseTests/Nutrient WiseTests-Info.plist";
				PRODUCT_NAME = "Nutrient WiseTests";
				TEST_HOST = "$(BUNDLE_LOADER)";
				WRAPPER_EXTENSION = octest;
			};
			name = Release;
		};
		6EF19C5B14DA0F7D002790E7 /* Ad hoc distribution */ = {
			isa = XCBuildConfiguration;
			buildSettings = {
				ALWAYS_SEARCH_USER_PATHS = NO;
				CLANG_ENABLE_OBJC_ARC = YES;
				CLANG_WARN_BOOL_CONVERSION = YES;
				CLANG_WARN_CONSTANT_CONVERSION = YES;
				CLANG_WARN_EMPTY_BODY = YES;
				CLANG_WARN_ENUM_CONVERSION = YES;
				CLANG_WARN_INT_CONVERSION = YES;
				CLANG_WARN__DUPLICATE_METHOD_MATCH = YES;
				CODE_SIGN_IDENTITY = "iPhone Distribution: Jean-Francois Dufour (654X66AK24)";
				"CODE_SIGN_IDENTITY[sdk=iphoneos*]" = "iPhone Distribution: Jean-Francois Dufour (654X66AK24)";
				COPY_PHASE_STRIP = YES;
				GCC_C_LANGUAGE_STANDARD = gnu99;
				GCC_VERSION = com.apple.compilers.llvm.clang.1_0;
				GCC_WARN_ABOUT_MISSING_PROTOTYPES = YES;
				GCC_WARN_ABOUT_RETURN_TYPE = YES;
				GCC_WARN_UNDECLARED_SELECTOR = YES;
				GCC_WARN_UNINITIALIZED_AUTOS = YES;
				GCC_WARN_UNUSED_FUNCTION = YES;
				GCC_WARN_UNUSED_VARIABLE = YES;
				IPHONEOS_DEPLOYMENT_TARGET = 7.0;
				OTHER_CFLAGS = "-DNS_BLOCK_ASSERTIONS=1";
				PRODUCT_NAME = "Nutrient Wise";
				PROVISIONING_PROFILE = "E08E9B59-E2CB-4455-9D21-CCB6E57A80A3";
				"PROVISIONING_PROFILE[sdk=iphoneos*]" = "F50C963B-D690-4E73-A27E-3BB9FCA4A5C0";
				SDKROOT = iphoneos;
				VALIDATE_PRODUCT = YES;
			};
			name = "Ad hoc distribution";
		};
		6EF19C5C14DA0F7D002790E7 /* Ad hoc distribution */ = {
			isa = XCBuildConfiguration;
			buildSettings = {
				ASSETCATALOG_COMPILER_APPICON_NAME = AppIcon;
				ASSETCATALOG_COMPILER_LAUNCHIMAGE_NAME = LaunchImage;
				CODE_SIGN_ENTITLEMENTS = "Nutrient Wise/Nutrient Wise.entitlements";
				CODE_SIGN_IDENTITY = "iPhone Distribution: Jean-Francois Dufour (654X66AK24)";
				"CODE_SIGN_IDENTITY[sdk=iphoneos*]" = "iPhone Developer";
				COMPRESS_PNG_FILES = YES;
				GCC_PRECOMPILE_PREFIX_HEADER = YES;
				GCC_PREFIX_HEADER = "Nutrient Wise/Nutrient Wise-Prefix.pch";
				INFOPLIST_FILE = "Nutrient Wise/Nutrient Wise-Info.plist";
				IPHONEOS_DEPLOYMENT_TARGET = 7.0;
				PRODUCT_NAME = "Nutrient Wise";
				PROVISIONING_PROFILE = "B4894700-816C-4D99-9D87-4D7893DDF969";
				"PROVISIONING_PROFILE[sdk=iphoneos*]" = "B4894700-816C-4D99-9D87-4D7893DDF969";
				TARGETED_DEVICE_FAMILY = 1;
				WRAPPER_EXTENSION = app;
			};
			name = "Ad hoc distribution";
		};
		6EF19C5D14DA0F7D002790E7 /* Ad hoc distribution */ = {
			isa = XCBuildConfiguration;
			buildSettings = {
				BUNDLE_LOADER = "$(BUILT_PRODUCTS_DIR)/Nutrient Wise.app/Nutrient Wise";
				FRAMEWORK_SEARCH_PATHS = (
					"$(SDKROOT)/Developer/Library/Frameworks",
					"$(DEVELOPER_LIBRARY_DIR)/Frameworks",
				);
				GCC_PRECOMPILE_PREFIX_HEADER = YES;
				GCC_PREFIX_HEADER = "Nutrient Wise/Nutrient Wise-Prefix.pch";
				INFOPLIST_FILE = "Nutrient WiseTests/Nutrient WiseTests-Info.plist";
				PRODUCT_NAME = "Nutrient WiseTests";
				TEST_HOST = "$(BUNDLE_LOADER)";
				WRAPPER_EXTENSION = octest;
			};
			name = "Ad hoc distribution";
		};
/* End XCBuildConfiguration section */

/* Begin XCConfigurationList section */
		6EB9B2EB14BA0AEB007C9666 /* Build configuration list for PBXProject "Nutrient Wise" */ = {
			isa = XCConfigurationList;
			buildConfigurations = (
				6EB9B32D14BA0AEB007C9666 /* Debug */,
				6EB9B32E14BA0AEB007C9666 /* Release */,
				6EF19C5B14DA0F7D002790E7 /* Ad hoc distribution */,
			);
			defaultConfigurationIsVisible = 0;
			defaultConfigurationName = Release;
		};
		6EB9B32F14BA0AEB007C9666 /* Build configuration list for PBXNativeTarget "Nutrient Wise" */ = {
			isa = XCConfigurationList;
			buildConfigurations = (
				6EB9B33014BA0AEB007C9666 /* Debug */,
				6EB9B33114BA0AEB007C9666 /* Release */,
				6EF19C5C14DA0F7D002790E7 /* Ad hoc distribution */,
			);
			defaultConfigurationIsVisible = 0;
			defaultConfigurationName = Release;
		};
		6EB9B33214BA0AEB007C9666 /* Build configuration list for PBXNativeTarget "Nutrient WiseTests" */ = {
			isa = XCConfigurationList;
			buildConfigurations = (
				6EB9B33314BA0AEB007C9666 /* Debug */,
				6EB9B33414BA0AEB007C9666 /* Release */,
				6EF19C5D14DA0F7D002790E7 /* Ad hoc distribution */,
			);
			defaultConfigurationIsVisible = 0;
			defaultConfigurationName = Release;
		};
/* End XCConfigurationList section */
	};
	rootObject = 6EB9B2E814BA0AEB007C9666 /* Project object */;
}
