// !$*UTF8*$!
{
	archiveVersion = 1;
	classes = {
	};
	objectVersion = 46;
	objects = {

/* Begin PBXBuildFile section */
		6E3E404414BA535E002048B8 /* CoreData.framework in Frameworks */ = {isa = PBXBuildFile; fileRef = 6E3E404314BA535E002048B8 /* CoreData.framework */; };
		6E417F3B14BE50B000F2A2AC /* Finder.m in Sources */ = {isa = PBXBuildFile; fileRef = 6E417F3A14BE50B000F2A2AC /* Finder.m */; };
		6E421ACD14CC757F002C21B0 /* FoodName.m in Sources */ = {isa = PBXBuildFile; fileRef = 6E421ACC14CC757F002C21B0 /* FoodName.m */; };
		6E421AD114CC75FB002C21B0 /* GroupName.m in Sources */ = {isa = PBXBuildFile; fileRef = 6E421AD014CC75FB002C21B0 /* GroupName.m */; };
		6E528B8F14CDA01800712D87 /* ProfileHelper.m in Sources */ = {isa = PBXBuildFile; fileRef = 6E528B8E14CDA01800712D87 /* ProfileHelper.m */; };
		6E528B9314CDA9FD00712D87 /* FavoriteHelper.m in Sources */ = {isa = PBXBuildFile; fileRef = 6E528B9214CDA9FD00712D87 /* FavoriteHelper.m */; };
		6E740AEA14C7761E007A0C72 /* TabBarController.xib in Resources */ = {isa = PBXBuildFile; fileRef = 6E740AE814C7761E007A0C72 /* TabBarController.xib */; };
		6E740AEF14C77964007A0C72 /* Search.m in Sources */ = {isa = PBXBuildFile; fileRef = 6E740AED14C77964007A0C72 /* Search.m */; };
		6E740AF014C77964007A0C72 /* Search.xib in Resources */ = {isa = PBXBuildFile; fileRef = 6E740AEE14C77964007A0C72 /* Search.xib */; };
		6E87392714BFA8A10054A2E6 /* Measure.m in Sources */ = {isa = PBXBuildFile; fileRef = 6E87392614BFA8A10054A2E6 /* Measure.m */; };
		6E87392D14BFA8A20054A2E6 /* NutritiveSource.m in Sources */ = {isa = PBXBuildFile; fileRef = 6E87392C14BFA8A20054A2E6 /* NutritiveSource.m */; };
		6E87393014BFA8A30054A2E6 /* FoodSource.m in Sources */ = {isa = PBXBuildFile; fileRef = 6E87392F14BFA8A30054A2E6 /* FoodSource.m */; };
		6E87393314BFA8A40054A2E6 /* NutritiveValue.m in Sources */ = {isa = PBXBuildFile; fileRef = 6E87393214BFA8A40054A2E6 /* NutritiveValue.m */; };
		6E87393614BFA8A40054A2E6 /* RefuseName.m in Sources */ = {isa = PBXBuildFile; fileRef = 6E87393514BFA8A40054A2E6 /* RefuseName.m */; };
		6E87393914BFA8A40054A2E6 /* Refuse.m in Sources */ = {isa = PBXBuildFile; fileRef = 6E87393814BFA8A40054A2E6 /* Refuse.m */; };
		6E87393C14BFA8A50054A2E6 /* YieldName.m in Sources */ = {isa = PBXBuildFile; fileRef = 6E87393B14BFA8A40054A2E6 /* YieldName.m */; };
		6E87393F14BFA8A50054A2E6 /* ConversionFactor.m in Sources */ = {isa = PBXBuildFile; fileRef = 6E87393E14BFA8A50054A2E6 /* ConversionFactor.m */; };
		6E87394514BFA8A50054A2E6 /* NutritiveName.m in Sources */ = {isa = PBXBuildFile; fileRef = 6E87394414BFA8A50054A2E6 /* NutritiveName.m */; };
		6E87394814BFA8A50054A2E6 /* Yield.m in Sources */ = {isa = PBXBuildFile; fileRef = 6E87394714BFA8A50054A2E6 /* Yield.m */; };
		6E87394A14C0E5C80054A2E6 /* DATA.sqlite in Resources */ = {isa = PBXBuildFile; fileRef = 6E87394914C0E5C80054A2E6 /* DATA.sqlite */; };
		6EAD166214CC7DD500D82BFD /* Favorites.m in Sources */ = {isa = PBXBuildFile; fileRef = 6EAD166014CC7DD500D82BFD /* Favorites.m */; };
		6EAD166314CC7DD500D82BFD /* Favorites.xib in Resources */ = {isa = PBXBuildFile; fileRef = 6EAD166114CC7DD500D82BFD /* Favorites.xib */; };
		6EAD166714CC7DE700D82BFD /* Settings.m in Sources */ = {isa = PBXBuildFile; fileRef = 6EAD166514CC7DE700D82BFD /* Settings.m */; };
		6EAD166814CC7DE700D82BFD /* Settings.xib in Resources */ = {isa = PBXBuildFile; fileRef = 6EAD166614CC7DE700D82BFD /* Settings.xib */; };
		6EAD166C14CC7DF500D82BFD /* Profiles.m in Sources */ = {isa = PBXBuildFile; fileRef = 6EAD166A14CC7DF400D82BFD /* Profiles.m */; };
		6EAD166D14CC7DF500D82BFD /* Profiles.xib in Resources */ = {isa = PBXBuildFile; fileRef = 6EAD166B14CC7DF400D82BFD /* Profiles.xib */; };
		6EAD167014CC7F6300D82BFD /* SearchController.m in Sources */ = {isa = PBXBuildFile; fileRef = 6EAD166F14CC7F6300D82BFD /* SearchController.m */; };
		6EAD167114CC81B800D82BFD /* Search.h in Sources */ = {isa = PBXBuildFile; fileRef = 6E740AEC14C77964007A0C72 /* Search.h */; };
		6EAD167214CC81B800D82BFD /* SearchController.h in Sources */ = {isa = PBXBuildFile; fileRef = 6EAD166E14CC7F6300D82BFD /* SearchController.h */; };
		6EAD167414CC85F900D82BFD /* SearchController.xib in Resources */ = {isa = PBXBuildFile; fileRef = 6EAD167314CC85F900D82BFD /* SearchController.xib */; };
		6EAD167814CC93CF00D82BFD /* FoodDetail.m in Sources */ = {isa = PBXBuildFile; fileRef = 6EAD167614CC93CE00D82BFD /* FoodDetail.m */; };
		6EAD167914CC93CF00D82BFD /* FoodDetail.xib in Resources */ = {isa = PBXBuildFile; fileRef = 6EAD167714CC93CF00D82BFD /* FoodDetail.xib */; };
		6EAD167B14CC9D8C00D82BFD /* Settings.bundle in Resources */ = {isa = PBXBuildFile; fileRef = 6EAD167A14CC9D8C00D82BFD /* Settings.bundle */; };
		6EAD167E14CCCE8900D82BFD /* LanguageHelper.m in Sources */ = {isa = PBXBuildFile; fileRef = 6EAD167D14CCCE8800D82BFD /* LanguageHelper.m */; };
		6EB9B2F614BA0AEB007C9666 /* UIKit.framework in Frameworks */ = {isa = PBXBuildFile; fileRef = 6EB9B2F514BA0AEB007C9666 /* UIKit.framework */; };
		6EB9B2F814BA0AEB007C9666 /* Foundation.framework in Frameworks */ = {isa = PBXBuildFile; fileRef = 6EB9B2F714BA0AEB007C9666 /* Foundation.framework */; };
		6EB9B2FA14BA0AEB007C9666 /* CoreGraphics.framework in Frameworks */ = {isa = PBXBuildFile; fileRef = 6EB9B2F914BA0AEB007C9666 /* CoreGraphics.framework */; };
		6EB9B30014BA0AEB007C9666 /* InfoPlist.strings in Resources */ = {isa = PBXBuildFile; fileRef = 6EB9B2FE14BA0AEB007C9666 /* InfoPlist.strings */; };
		6EB9B30214BA0AEB007C9666 /* main.m in Sources */ = {isa = PBXBuildFile; fileRef = 6EB9B30114BA0AEB007C9666 /* main.m */; };
		6EB9B30614BA0AEB007C9666 /* AppDelegate.m in Sources */ = {isa = PBXBuildFile; fileRef = 6EB9B30514BA0AEB007C9666 /* AppDelegate.m */; };
		6EB9B30914BA0AEB007C9666 /* MainStoryboard.storyboard in Resources */ = {isa = PBXBuildFile; fileRef = 6EB9B30714BA0AEB007C9666 /* MainStoryboard.storyboard */; };
		6EB9B30C14BA0AEB007C9666 /* massawippi_nutrientwiseFirstViewController.m in Sources */ = {isa = PBXBuildFile; fileRef = 6EB9B30B14BA0AEB007C9666 /* massawippi_nutrientwiseFirstViewController.m */; };
		6EB9B31314BA0AEB007C9666 /* massawippi_nutrientwiseSecondViewController.m in Sources */ = {isa = PBXBuildFile; fileRef = 6EB9B31214BA0AEB007C9666 /* massawippi_nutrientwiseSecondViewController.m */; };
		6EB9B31F14BA0AEB007C9666 /* SenTestingKit.framework in Frameworks */ = {isa = PBXBuildFile; fileRef = 6EB9B31E14BA0AEB007C9666 /* SenTestingKit.framework */; };
		6EB9B32014BA0AEB007C9666 /* UIKit.framework in Frameworks */ = {isa = PBXBuildFile; fileRef = 6EB9B2F514BA0AEB007C9666 /* UIKit.framework */; };
		6EB9B32114BA0AEB007C9666 /* Foundation.framework in Frameworks */ = {isa = PBXBuildFile; fileRef = 6EB9B2F714BA0AEB007C9666 /* Foundation.framework */; };
		6EB9B32914BA0AEB007C9666 /* InfoPlist.strings in Resources */ = {isa = PBXBuildFile; fileRef = 6EB9B32714BA0AEB007C9666 /* InfoPlist.strings */; };
		6EB9B32C14BA0AEB007C9666 /* Nutrient_WiseTests.m in Sources */ = {isa = PBXBuildFile; fileRef = 6EB9B32B14BA0AEB007C9666 /* Nutrient_WiseTests.m */; };
		6EB9B33714BA0AFA007C9666 /* Model.xcdatamodeld in Sources */ = {isa = PBXBuildFile; fileRef = 6EB9B33514BA0AFA007C9666 /* Model.xcdatamodeld */; };
/* End PBXBuildFile section */

/* Begin PBXContainerItemProxy section */
		6EB9B32214BA0AEB007C9666 /* PBXContainerItemProxy */ = {
			isa = PBXContainerItemProxy;
			containerPortal = 6EB9B2E814BA0AEB007C9666 /* Project object */;
			proxyType = 1;
			remoteGlobalIDString = 6EB9B2F014BA0AEB007C9666;
			remoteInfo = "Nutrient Wise";
		};
/* End PBXContainerItemProxy section */

/* Begin PBXFileReference section */
		6E3E404314BA535E002048B8 /* CoreData.framework */ = {isa = PBXFileReference; lastKnownFileType = wrapper.framework; name = CoreData.framework; path = System/Library/Frameworks/CoreData.framework; sourceTree = SDKROOT; };
		6E417F3914BE50B000F2A2AC /* Finder.h */ = {isa = PBXFileReference; fileEncoding = 4; lastKnownFileType = sourcecode.c.h; path = Finder.h; sourceTree = "<group>"; };
		6E417F3A14BE50B000F2A2AC /* Finder.m */ = {isa = PBXFileReference; fileEncoding = 4; lastKnownFileType = sourcecode.c.objc; path = Finder.m; sourceTree = "<group>"; };
		6E421ACB14CC757F002C21B0 /* FoodName.h */ = {isa = PBXFileReference; fileEncoding = 4; lastKnownFileType = sourcecode.c.h; path = FoodName.h; sourceTree = "<group>"; };
		6E421ACC14CC757F002C21B0 /* FoodName.m */ = {isa = PBXFileReference; fileEncoding = 4; lastKnownFileType = sourcecode.c.objc; path = FoodName.m; sourceTree = "<group>"; };
		6E421ACF14CC75FB002C21B0 /* GroupName.h */ = {isa = PBXFileReference; fileEncoding = 4; lastKnownFileType = sourcecode.c.h; path = GroupName.h; sourceTree = "<group>"; };
		6E421AD014CC75FB002C21B0 /* GroupName.m */ = {isa = PBXFileReference; fileEncoding = 4; lastKnownFileType = sourcecode.c.objc; path = GroupName.m; sourceTree = "<group>"; };
		6E528B8D14CDA01800712D87 /* ProfileHelper.h */ = {isa = PBXFileReference; fileEncoding = 4; lastKnownFileType = sourcecode.c.h; path = ProfileHelper.h; sourceTree = "<group>"; };
		6E528B8E14CDA01800712D87 /* ProfileHelper.m */ = {isa = PBXFileReference; fileEncoding = 4; lastKnownFileType = sourcecode.c.objc; path = ProfileHelper.m; sourceTree = "<group>"; };
		6E528B9114CDA9FD00712D87 /* FavoriteHelper.h */ = {isa = PBXFileReference; fileEncoding = 4; lastKnownFileType = sourcecode.c.h; path = FavoriteHelper.h; sourceTree = "<group>"; };
		6E528B9214CDA9FD00712D87 /* FavoriteHelper.m */ = {isa = PBXFileReference; fileEncoding = 4; lastKnownFileType = sourcecode.c.objc; path = FavoriteHelper.m; sourceTree = "<group>"; };
		6E528B9414CDB21000712D87 /* Nutrient Wise.entitlements */ = {isa = PBXFileReference; lastKnownFileType = text.xml; path = "Nutrient Wise.entitlements"; sourceTree = "<group>"; };
		6E740AE814C7761E007A0C72 /* TabBarController.xib */ = {isa = PBXFileReference; fileEncoding = 4; lastKnownFileType = file.xib; path = TabBarController.xib; sourceTree = "<group>"; };
		6E740AEC14C77964007A0C72 /* Search.h */ = {isa = PBXFileReference; fileEncoding = 4; lastKnownFileType = sourcecode.c.h; path = Search.h; sourceTree = "<group>"; };
		6E740AED14C77964007A0C72 /* Search.m */ = {isa = PBXFileReference; fileEncoding = 4; lastKnownFileType = sourcecode.c.objc; path = Search.m; sourceTree = "<group>"; };
		6E740AEE14C77964007A0C72 /* Search.xib */ = {isa = PBXFileReference; fileEncoding = 4; lastKnownFileType = file.xib; path = Search.xib; sourceTree = "<group>"; };
		6E87392514BFA8A10054A2E6 /* Measure.h */ = {isa = PBXFileReference; fileEncoding = 4; lastKnownFileType = sourcecode.c.h; path = Measure.h; sourceTree = "<group>"; };
		6E87392614BFA8A10054A2E6 /* Measure.m */ = {isa = PBXFileReference; fileEncoding = 4; lastKnownFileType = sourcecode.c.objc; path = Measure.m; sourceTree = "<group>"; };
		6E87392B14BFA8A20054A2E6 /* NutritiveSource.h */ = {isa = PBXFileReference; fileEncoding = 4; lastKnownFileType = sourcecode.c.h; path = NutritiveSource.h; sourceTree = "<group>"; };
		6E87392C14BFA8A20054A2E6 /* NutritiveSource.m */ = {isa = PBXFileReference; fileEncoding = 4; lastKnownFileType = sourcecode.c.objc; path = NutritiveSource.m; sourceTree = "<group>"; };
		6E87392E14BFA8A20054A2E6 /* FoodSource.h */ = {isa = PBXFileReference; fileEncoding = 4; lastKnownFileType = sourcecode.c.h; path = FoodSource.h; sourceTree = "<group>"; };
		6E87392F14BFA8A30054A2E6 /* FoodSource.m */ = {isa = PBXFileReference; fileEncoding = 4; lastKnownFileType = sourcecode.c.objc; path = FoodSource.m; sourceTree = "<group>"; };
		6E87393114BFA8A30054A2E6 /* NutritiveValue.h */ = {isa = PBXFileReference; fileEncoding = 4; lastKnownFileType = sourcecode.c.h; path = NutritiveValue.h; sourceTree = "<group>"; };
		6E87393214BFA8A40054A2E6 /* NutritiveValue.m */ = {isa = PBXFileReference; fileEncoding = 4; lastKnownFileType = sourcecode.c.objc; path = NutritiveValue.m; sourceTree = "<group>"; };
		6E87393414BFA8A40054A2E6 /* RefuseName.h */ = {isa = PBXFileReference; fileEncoding = 4; lastKnownFileType = sourcecode.c.h; path = RefuseName.h; sourceTree = "<group>"; };
		6E87393514BFA8A40054A2E6 /* RefuseName.m */ = {isa = PBXFileReference; fileEncoding = 4; lastKnownFileType = sourcecode.c.objc; path = RefuseName.m; sourceTree = "<group>"; };
		6E87393714BFA8A40054A2E6 /* Refuse.h */ = {isa = PBXFileReference; fileEncoding = 4; lastKnownFileType = sourcecode.c.h; path = Refuse.h; sourceTree = "<group>"; };
		6E87393814BFA8A40054A2E6 /* Refuse.m */ = {isa = PBXFileReference; fileEncoding = 4; lastKnownFileType = sourcecode.c.objc; path = Refuse.m; sourceTree = "<group>"; };
		6E87393A14BFA8A40054A2E6 /* YieldName.h */ = {isa = PBXFileReference; fileEncoding = 4; lastKnownFileType = sourcecode.c.h; path = YieldName.h; sourceTree = "<group>"; };
		6E87393B14BFA8A40054A2E6 /* YieldName.m */ = {isa = PBXFileReference; fileEncoding = 4; lastKnownFileType = sourcecode.c.objc; path = YieldName.m; sourceTree = "<group>"; };
		6E87393D14BFA8A50054A2E6 /* ConversionFactor.h */ = {isa = PBXFileReference; fileEncoding = 4; lastKnownFileType = sourcecode.c.h; path = ConversionFactor.h; sourceTree = "<group>"; };
		6E87393E14BFA8A50054A2E6 /* ConversionFactor.m */ = {isa = PBXFileReference; fileEncoding = 4; lastKnownFileType = sourcecode.c.objc; path = ConversionFactor.m; sourceTree = "<group>"; };
		6E87394314BFA8A50054A2E6 /* NutritiveName.h */ = {isa = PBXFileReference; fileEncoding = 4; lastKnownFileType = sourcecode.c.h; path = NutritiveName.h; sourceTree = "<group>"; };
		6E87394414BFA8A50054A2E6 /* NutritiveName.m */ = {isa = PBXFileReference; fileEncoding = 4; lastKnownFileType = sourcecode.c.objc; path = NutritiveName.m; sourceTree = "<group>"; };
		6E87394614BFA8A50054A2E6 /* Yield.h */ = {isa = PBXFileReference; fileEncoding = 4; lastKnownFileType = sourcecode.c.h; path = Yield.h; sourceTree = "<group>"; };
		6E87394714BFA8A50054A2E6 /* Yield.m */ = {isa = PBXFileReference; fileEncoding = 4; lastKnownFileType = sourcecode.c.objc; path = Yield.m; sourceTree = "<group>"; };
		6E87394914C0E5C80054A2E6 /* DATA.sqlite */ = {isa = PBXFileReference; lastKnownFileType = file; path = DATA.sqlite; sourceTree = "<group>"; };
		6EAD165F14CC7DD400D82BFD /* Favorites.h */ = {isa = PBXFileReference; fileEncoding = 4; lastKnownFileType = sourcecode.c.h; path = Favorites.h; sourceTree = "<group>"; };
		6EAD166014CC7DD500D82BFD /* Favorites.m */ = {isa = PBXFileReference; fileEncoding = 4; lastKnownFileType = sourcecode.c.objc; path = Favorites.m; sourceTree = "<group>"; };
		6EAD166114CC7DD500D82BFD /* Favorites.xib */ = {isa = PBXFileReference; fileEncoding = 4; lastKnownFileType = file.xib; path = Favorites.xib; sourceTree = "<group>"; };
		6EAD166414CC7DE700D82BFD /* Settings.h */ = {isa = PBXFileReference; fileEncoding = 4; lastKnownFileType = sourcecode.c.h; path = Settings.h; sourceTree = "<group>"; };
		6EAD166514CC7DE700D82BFD /* Settings.m */ = {isa = PBXFileReference; fileEncoding = 4; lastKnownFileType = sourcecode.c.objc; path = Settings.m; sourceTree = "<group>"; };
		6EAD166614CC7DE700D82BFD /* Settings.xib */ = {isa = PBXFileReference; fileEncoding = 4; lastKnownFileType = file.xib; path = Settings.xib; sourceTree = "<group>"; };
		6EAD166914CC7DF400D82BFD /* Profiles.h */ = {isa = PBXFileReference; fileEncoding = 4; lastKnownFileType = sourcecode.c.h; path = Profiles.h; sourceTree = "<group>"; };
		6EAD166A14CC7DF400D82BFD /* Profiles.m */ = {isa = PBXFileReference; fileEncoding = 4; lastKnownFileType = sourcecode.c.objc; path = Profiles.m; sourceTree = "<group>"; };
		6EAD166B14CC7DF400D82BFD /* Profiles.xib */ = {isa = PBXFileReference; fileEncoding = 4; lastKnownFileType = file.xib; path = Profiles.xib; sourceTree = "<group>"; };
		6EAD166E14CC7F6300D82BFD /* SearchController.h */ = {isa = PBXFileReference; fileEncoding = 4; lastKnownFileType = sourcecode.c.h; path = SearchController.h; sourceTree = "<group>"; };
		6EAD166F14CC7F6300D82BFD /* SearchController.m */ = {isa = PBXFileReference; fileEncoding = 4; lastKnownFileType = sourcecode.c.objc; path = SearchController.m; sourceTree = "<group>"; };
		6EAD167314CC85F900D82BFD /* SearchController.xib */ = {isa = PBXFileReference; fileEncoding = 4; lastKnownFileType = file.xib; path = SearchController.xib; sourceTree = "<group>"; };
		6EAD167514CC93CE00D82BFD /* FoodDetail.h */ = {isa = PBXFileReference; fileEncoding = 4; lastKnownFileType = sourcecode.c.h; path = FoodDetail.h; sourceTree = "<group>"; };
		6EAD167614CC93CE00D82BFD /* FoodDetail.m */ = {isa = PBXFileReference; fileEncoding = 4; lastKnownFileType = sourcecode.c.objc; path = FoodDetail.m; sourceTree = "<group>"; };
		6EAD167714CC93CF00D82BFD /* FoodDetail.xib */ = {isa = PBXFileReference; fileEncoding = 4; lastKnownFileType = file.xib; path = FoodDetail.xib; sourceTree = "<group>"; };
		6EAD167A14CC9D8C00D82BFD /* Settings.bundle */ = {isa = PBXFileReference; lastKnownFileType = "wrapper.plug-in"; path = Settings.bundle; sourceTree = "<group>"; };
		6EAD167C14CCCE8800D82BFD /* LanguageHelper.h */ = {isa = PBXFileReference; fileEncoding = 4; lastKnownFileType = sourcecode.c.h; path = LanguageHelper.h; sourceTree = "<group>"; };
		6EAD167D14CCCE8800D82BFD /* LanguageHelper.m */ = {isa = PBXFileReference; fileEncoding = 4; lastKnownFileType = sourcecode.c.objc; path = LanguageHelper.m; sourceTree = "<group>"; };
		6EB9B2F114BA0AEB007C9666 /* Nutrient Wise.app */ = {isa = PBXFileReference; explicitFileType = wrapper.application; includeInIndex = 0; path = "Nutrient Wise.app"; sourceTree = BUILT_PRODUCTS_DIR; };
		6EB9B2F514BA0AEB007C9666 /* UIKit.framework */ = {isa = PBXFileReference; lastKnownFileType = wrapper.framework; name = UIKit.framework; path = System/Library/Frameworks/UIKit.framework; sourceTree = SDKROOT; };
		6EB9B2F714BA0AEB007C9666 /* Foundation.framework */ = {isa = PBXFileReference; lastKnownFileType = wrapper.framework; name = Foundation.framework; path = System/Library/Frameworks/Foundation.framework; sourceTree = SDKROOT; };
		6EB9B2F914BA0AEB007C9666 /* CoreGraphics.framework */ = {isa = PBXFileReference; lastKnownFileType = wrapper.framework; name = CoreGraphics.framework; path = System/Library/Frameworks/CoreGraphics.framework; sourceTree = SDKROOT; };
		6EB9B2FD14BA0AEB007C9666 /* Nutrient Wise-Info.plist */ = {isa = PBXFileReference; lastKnownFileType = text.plist.xml; path = "Nutrient Wise-Info.plist"; sourceTree = "<group>"; };
		6EB9B2FF14BA0AEB007C9666 /* en */ = {isa = PBXFileReference; lastKnownFileType = text.plist.strings; name = en; path = en.lproj/InfoPlist.strings; sourceTree = "<group>"; };
		6EB9B30114BA0AEB007C9666 /* main.m */ = {isa = PBXFileReference; lastKnownFileType = sourcecode.c.objc; path = main.m; sourceTree = "<group>"; };
		6EB9B30314BA0AEB007C9666 /* Nutrient Wise-Prefix.pch */ = {isa = PBXFileReference; lastKnownFileType = sourcecode.c.h; path = "Nutrient Wise-Prefix.pch"; sourceTree = "<group>"; };
		6EB9B30414BA0AEB007C9666 /* AppDelegate.h */ = {isa = PBXFileReference; lastKnownFileType = sourcecode.c.h; path = AppDelegate.h; sourceTree = "<group>"; };
		6EB9B30514BA0AEB007C9666 /* AppDelegate.m */ = {isa = PBXFileReference; lastKnownFileType = sourcecode.c.objc; path = AppDelegate.m; sourceTree = "<group>"; };
		6EB9B30814BA0AEB007C9666 /* en */ = {isa = PBXFileReference; lastKnownFileType = file.storyboard; name = en; path = en.lproj/MainStoryboard.storyboard; sourceTree = "<group>"; };
		6EB9B30A14BA0AEB007C9666 /* massawippi_nutrientwiseFirstViewController.h */ = {isa = PBXFileReference; lastKnownFileType = sourcecode.c.h; path = massawippi_nutrientwiseFirstViewController.h; sourceTree = "<group>"; };
		6EB9B30B14BA0AEB007C9666 /* massawippi_nutrientwiseFirstViewController.m */ = {isa = PBXFileReference; lastKnownFileType = sourcecode.c.objc; path = massawippi_nutrientwiseFirstViewController.m; sourceTree = "<group>"; };
		6EB9B31114BA0AEB007C9666 /* massawippi_nutrientwiseSecondViewController.h */ = {isa = PBXFileReference; lastKnownFileType = sourcecode.c.h; path = massawippi_nutrientwiseSecondViewController.h; sourceTree = "<group>"; };
		6EB9B31214BA0AEB007C9666 /* massawippi_nutrientwiseSecondViewController.m */ = {isa = PBXFileReference; lastKnownFileType = sourcecode.c.objc; path = massawippi_nutrientwiseSecondViewController.m; sourceTree = "<group>"; };
		6EB9B31D14BA0AEB007C9666 /* Nutrient WiseTests.octest */ = {isa = PBXFileReference; explicitFileType = wrapper.cfbundle; includeInIndex = 0; path = "Nutrient WiseTests.octest"; sourceTree = BUILT_PRODUCTS_DIR; };
		6EB9B31E14BA0AEB007C9666 /* SenTestingKit.framework */ = {isa = PBXFileReference; lastKnownFileType = wrapper.framework; name = SenTestingKit.framework; path = Library/Frameworks/SenTestingKit.framework; sourceTree = DEVELOPER_DIR; };
		6EB9B32614BA0AEB007C9666 /* Nutrient WiseTests-Info.plist */ = {isa = PBXFileReference; lastKnownFileType = text.plist.xml; path = "Nutrient WiseTests-Info.plist"; sourceTree = "<group>"; };
		6EB9B32814BA0AEB007C9666 /* en */ = {isa = PBXFileReference; lastKnownFileType = text.plist.strings; name = en; path = en.lproj/InfoPlist.strings; sourceTree = "<group>"; };
		6EB9B32A14BA0AEB007C9666 /* Nutrient_WiseTests.h */ = {isa = PBXFileReference; lastKnownFileType = sourcecode.c.h; path = Nutrient_WiseTests.h; sourceTree = "<group>"; };
		6EB9B32B14BA0AEB007C9666 /* Nutrient_WiseTests.m */ = {isa = PBXFileReference; lastKnownFileType = sourcecode.c.objc; path = Nutrient_WiseTests.m; sourceTree = "<group>"; };
		6EB9B33614BA0AFA007C9666 /* Model.xcdatamodel */ = {isa = PBXFileReference; lastKnownFileType = wrapper.xcdatamodel; path = Model.xcdatamodel; sourceTree = "<group>"; };
/* End PBXFileReference section */

/* Begin PBXFrameworksBuildPhase section */
		6EB9B2EE14BA0AEB007C9666 /* Frameworks */ = {
			isa = PBXFrameworksBuildPhase;
			buildActionMask = 2147483647;
			files = (
				6E3E404414BA535E002048B8 /* CoreData.framework in Frameworks */,
				6EB9B2F614BA0AEB007C9666 /* UIKit.framework in Frameworks */,
				6EB9B2F814BA0AEB007C9666 /* Foundation.framework in Frameworks */,
				6EB9B2FA14BA0AEB007C9666 /* CoreGraphics.framework in Frameworks */,
			);
			runOnlyForDeploymentPostprocessing = 0;
		};
		6EB9B31914BA0AEB007C9666 /* Frameworks */ = {
			isa = PBXFrameworksBuildPhase;
			buildActionMask = 2147483647;
			files = (
				6EB9B31F14BA0AEB007C9666 /* SenTestingKit.framework in Frameworks */,
				6EB9B32014BA0AEB007C9666 /* UIKit.framework in Frameworks */,
				6EB9B32114BA0AEB007C9666 /* Foundation.framework in Frameworks */,
			);
			runOnlyForDeploymentPostprocessing = 0;
		};
/* End PBXFrameworksBuildPhase section */

/* Begin PBXGroup section */
		6E417F6114BE584300F2A2AC /* Model */ = {
			isa = PBXGroup;
			children = (
				6E421ACF14CC75FB002C21B0 /* GroupName.h */,
				6E421AD014CC75FB002C21B0 /* GroupName.m */,
				6E421ACB14CC757F002C21B0 /* FoodName.h */,
				6E421ACC14CC757F002C21B0 /* FoodName.m */,
				6E87394614BFA8A50054A2E6 /* Yield.h */,
				6E87394714BFA8A50054A2E6 /* Yield.m */,
				6E87394314BFA8A50054A2E6 /* NutritiveName.h */,
				6E87394414BFA8A50054A2E6 /* NutritiveName.m */,
				6E87393D14BFA8A50054A2E6 /* ConversionFactor.h */,
				6E87393E14BFA8A50054A2E6 /* ConversionFactor.m */,
				6E87393A14BFA8A40054A2E6 /* YieldName.h */,
				6E87393B14BFA8A40054A2E6 /* YieldName.m */,
				6E87393714BFA8A40054A2E6 /* Refuse.h */,
				6E87393814BFA8A40054A2E6 /* Refuse.m */,
				6E87393414BFA8A40054A2E6 /* RefuseName.h */,
				6E87393514BFA8A40054A2E6 /* RefuseName.m */,
				6E87393114BFA8A30054A2E6 /* NutritiveValue.h */,
				6E87393214BFA8A40054A2E6 /* NutritiveValue.m */,
				6E87392E14BFA8A20054A2E6 /* FoodSource.h */,
				6E87392F14BFA8A30054A2E6 /* FoodSource.m */,
				6E87392B14BFA8A20054A2E6 /* NutritiveSource.h */,
				6E87392C14BFA8A20054A2E6 /* NutritiveSource.m */,
				6E87392514BFA8A10054A2E6 /* Measure.h */,
				6E87392614BFA8A10054A2E6 /* Measure.m */,
			);
			name = Model;
			sourceTree = "<group>";
		};
		6EB9B2E614BA0AEB007C9666 = {
			isa = PBXGroup;
			children = (
				6EB9B35914BA1777007C9666 /* Resources */,
				6EB9B2FB14BA0AEB007C9666 /* Nutrient Wise */,
				6EB9B32414BA0AEB007C9666 /* Nutrient WiseTests */,
				6EB9B2F414BA0AEB007C9666 /* Frameworks */,
				6EB9B2F214BA0AEB007C9666 /* Products */,
			);
			sourceTree = "<group>";
		};
		6EB9B2F214BA0AEB007C9666 /* Products */ = {
			isa = PBXGroup;
			children = (
				6EB9B2F114BA0AEB007C9666 /* Nutrient Wise.app */,
				6EB9B31D14BA0AEB007C9666 /* Nutrient WiseTests.octest */,
			);
			name = Products;
			sourceTree = "<group>";
		};
		6EB9B2F414BA0AEB007C9666 /* Frameworks */ = {
			isa = PBXGroup;
			children = (
				6E3E404314BA535E002048B8 /* CoreData.framework */,
				6EB9B2F514BA0AEB007C9666 /* UIKit.framework */,
				6EB9B2F714BA0AEB007C9666 /* Foundation.framework */,
				6EB9B2F914BA0AEB007C9666 /* CoreGraphics.framework */,
				6EB9B31E14BA0AEB007C9666 /* SenTestingKit.framework */,
			);
			name = Frameworks;
			sourceTree = "<group>";
		};
		6EB9B2FB14BA0AEB007C9666 /* Nutrient Wise */ = {
			isa = PBXGroup;
			children = (
				6E528B9414CDB21000712D87 /* Nutrient Wise.entitlements */,
				6E417F6114BE584300F2A2AC /* Model */,
				6E740AEC14C77964007A0C72 /* Search.h */,
				6E740AED14C77964007A0C72 /* Search.m */,
				6E740AEE14C77964007A0C72 /* Search.xib */,
				6EAD167514CC93CE00D82BFD /* FoodDetail.h */,
				6EAD167614CC93CE00D82BFD /* FoodDetail.m */,
				6EAD167714CC93CF00D82BFD /* FoodDetail.xib */,
				6EAD165F14CC7DD400D82BFD /* Favorites.h */,
				6EAD166014CC7DD500D82BFD /* Favorites.m */,
				6EAD166114CC7DD500D82BFD /* Favorites.xib */,
				6EAD166914CC7DF400D82BFD /* Profiles.h */,
				6EAD166A14CC7DF400D82BFD /* Profiles.m */,
				6EAD166B14CC7DF400D82BFD /* Profiles.xib */,
				6EAD166414CC7DE700D82BFD /* Settings.h */,
				6EAD166514CC7DE700D82BFD /* Settings.m */,
				6EAD166614CC7DE700D82BFD /* Settings.xib */,
				6EB9B30414BA0AEB007C9666 /* AppDelegate.h */,
				6EB9B30514BA0AEB007C9666 /* AppDelegate.m */,
				6E740AE814C7761E007A0C72 /* TabBarController.xib */,
				6EAD166E14CC7F6300D82BFD /* SearchController.h */,
				6EAD166F14CC7F6300D82BFD /* SearchController.m */,
				6EAD167C14CCCE8800D82BFD /* LanguageHelper.h */,
				6EAD167D14CCCE8800D82BFD /* LanguageHelper.m */,
				6E528B9114CDA9FD00712D87 /* FavoriteHelper.h */,
				6E528B9214CDA9FD00712D87 /* FavoriteHelper.m */,
				6E528B8D14CDA01800712D87 /* ProfileHelper.h */,
				6E528B8E14CDA01800712D87 /* ProfileHelper.m */,
				6EB9B30714BA0AEB007C9666 /* MainStoryboard.storyboard */,
				6EB9B30A14BA0AEB007C9666 /* massawippi_nutrientwiseFirstViewController.h */,
				6EAD167314CC85F900D82BFD /* SearchController.xib */,
				6EB9B30B14BA0AEB007C9666 /* massawippi_nutrientwiseFirstViewController.m */,
				6E417F3914BE50B000F2A2AC /* Finder.h */,
				6E417F3A14BE50B000F2A2AC /* Finder.m */,
				6EB9B31114BA0AEB007C9666 /* massawippi_nutrientwiseSecondViewController.h */,
				6EB9B31214BA0AEB007C9666 /* massawippi_nutrientwiseSecondViewController.m */,
				6EB9B2FC14BA0AEB007C9666 /* Supporting Files */,
			);
			path = "Nutrient Wise";
			sourceTree = "<group>";
		};
		6EB9B2FC14BA0AEB007C9666 /* Supporting Files */ = {
			isa = PBXGroup;
			children = (
				6EB9B2FD14BA0AEB007C9666 /* Nutrient Wise-Info.plist */,
				6EB9B2FE14BA0AEB007C9666 /* InfoPlist.strings */,
				6EB9B30114BA0AEB007C9666 /* main.m */,
				6EB9B30314BA0AEB007C9666 /* Nutrient Wise-Prefix.pch */,
			);
			name = "Supporting Files";
			sourceTree = "<group>";
		};
		6EB9B32414BA0AEB007C9666 /* Nutrient WiseTests */ = {
			isa = PBXGroup;
			children = (
				6EB9B32A14BA0AEB007C9666 /* Nutrient_WiseTests.h */,
				6EB9B32B14BA0AEB007C9666 /* Nutrient_WiseTests.m */,
				6EB9B32514BA0AEB007C9666 /* Supporting Files */,
			);
			path = "Nutrient WiseTests";
			sourceTree = "<group>";
		};
		6EB9B32514BA0AEB007C9666 /* Supporting Files */ = {
			isa = PBXGroup;
			children = (
				6EB9B32614BA0AEB007C9666 /* Nutrient WiseTests-Info.plist */,
				6EB9B32714BA0AEB007C9666 /* InfoPlist.strings */,
			);
			name = "Supporting Files";
			sourceTree = "<group>";
		};
		6EB9B35914BA1777007C9666 /* Resources */ = {
			isa = PBXGroup;
			children = (
				6EAD167A14CC9D8C00D82BFD /* Settings.bundle */,
				6EB9B33514BA0AFA007C9666 /* Model.xcdatamodeld */,
				6E87394914C0E5C80054A2E6 /* DATA.sqlite */,
			);
			name = Resources;
			sourceTree = "<group>";
		};
/* End PBXGroup section */

/* Begin PBXNativeTarget section */
		6EB9B2F014BA0AEB007C9666 /* Nutrient Wise */ = {
			isa = PBXNativeTarget;
			buildConfigurationList = 6EB9B32F14BA0AEB007C9666 /* Build configuration list for PBXNativeTarget "Nutrient Wise" */;
			buildPhases = (
				6EB9B2ED14BA0AEB007C9666 /* Sources */,
				6EB9B2EE14BA0AEB007C9666 /* Frameworks */,
				6EB9B2EF14BA0AEB007C9666 /* Resources */,
			);
			buildRules = (
			);
			dependencies = (
			);
			name = "Nutrient Wise";
			productName = "Nutrient Wise";
			productReference = 6EB9B2F114BA0AEB007C9666 /* Nutrient Wise.app */;
			productType = "com.apple.product-type.application";
		};
		6EB9B31C14BA0AEB007C9666 /* Nutrient WiseTests */ = {
			isa = PBXNativeTarget;
			buildConfigurationList = 6EB9B33214BA0AEB007C9666 /* Build configuration list for PBXNativeTarget "Nutrient WiseTests" */;
			buildPhases = (
				6EB9B31814BA0AEB007C9666 /* Sources */,
				6EB9B31914BA0AEB007C9666 /* Frameworks */,
				6EB9B31A14BA0AEB007C9666 /* Resources */,
				6EB9B31B14BA0AEB007C9666 /* ShellScript */,
			);
			buildRules = (
			);
			dependencies = (
				6EB9B32314BA0AEB007C9666 /* PBXTargetDependency */,
			);
			name = "Nutrient WiseTests";
			productName = "Nutrient WiseTests";
			productReference = 6EB9B31D14BA0AEB007C9666 /* Nutrient WiseTests.octest */;
			productType = "com.apple.product-type.bundle";
		};
/* End PBXNativeTarget section */

/* Begin PBXProject section */
		6EB9B2E814BA0AEB007C9666 /* Project object */ = {
			isa = PBXProject;
			attributes = {
				LastUpgradeCheck = 0420;
			};
			buildConfigurationList = 6EB9B2EB14BA0AEB007C9666 /* Build configuration list for PBXProject "Nutrient Wise" */;
			compatibilityVersion = "Xcode 3.2";
			developmentRegion = English;
			hasScannedForEncodings = 0;
			knownRegions = (
				en,
			);
			mainGroup = 6EB9B2E614BA0AEB007C9666;
			productRefGroup = 6EB9B2F214BA0AEB007C9666 /* Products */;
			projectDirPath = "";
			projectRoot = "";
			targets = (
				6EB9B2F014BA0AEB007C9666 /* Nutrient Wise */,
				6EB9B31C14BA0AEB007C9666 /* Nutrient WiseTests */,
			);
		};
/* End PBXProject section */

/* Begin PBXResourcesBuildPhase section */
		6EB9B2EF14BA0AEB007C9666 /* Resources */ = {
			isa = PBXResourcesBuildPhase;
			buildActionMask = 2147483647;
			files = (
				6EB9B30014BA0AEB007C9666 /* InfoPlist.strings in Resources */,
				6EB9B30914BA0AEB007C9666 /* MainStoryboard.storyboard in Resources */,
				6E87394A14C0E5C80054A2E6 /* DATA.sqlite in Resources */,
				6E740AEA14C7761E007A0C72 /* TabBarController.xib in Resources */,
				6E740AF014C77964007A0C72 /* Search.xib in Resources */,
				6EAD166314CC7DD500D82BFD /* Favorites.xib in Resources */,
				6EAD166814CC7DE700D82BFD /* Settings.xib in Resources */,
				6EAD166D14CC7DF500D82BFD /* Profiles.xib in Resources */,
				6EAD167414CC85F900D82BFD /* SearchController.xib in Resources */,
				6EAD167914CC93CF00D82BFD /* FoodDetail.xib in Resources */,
				6EAD167B14CC9D8C00D82BFD /* Settings.bundle in Resources */,
			);
			runOnlyForDeploymentPostprocessing = 0;
		};
		6EB9B31A14BA0AEB007C9666 /* Resources */ = {
			isa = PBXResourcesBuildPhase;
			buildActionMask = 2147483647;
			files = (
				6EB9B32914BA0AEB007C9666 /* InfoPlist.strings in Resources */,
			);
			runOnlyForDeploymentPostprocessing = 0;
		};
/* End PBXResourcesBuildPhase section */

/* Begin PBXShellScriptBuildPhase section */
		6EB9B31B14BA0AEB007C9666 /* ShellScript */ = {
			isa = PBXShellScriptBuildPhase;
			buildActionMask = 2147483647;
			files = (
			);
			inputPaths = (
			);
			outputPaths = (
			);
			runOnlyForDeploymentPostprocessing = 0;
			shellPath = /bin/sh;
			shellScript = "# Run the unit tests in this test bundle.\n\"${SYSTEM_DEVELOPER_DIR}/Tools/RunUnitTests\"\n";
		};
/* End PBXShellScriptBuildPhase section */

/* Begin PBXSourcesBuildPhase section */
		6EB9B2ED14BA0AEB007C9666 /* Sources */ = {
			isa = PBXSourcesBuildPhase;
			buildActionMask = 2147483647;
			files = (
				6EAD167114CC81B800D82BFD /* Search.h in Sources */,
				6EAD167214CC81B800D82BFD /* SearchController.h in Sources */,
				6EB9B30214BA0AEB007C9666 /* main.m in Sources */,
				6EB9B30614BA0AEB007C9666 /* AppDelegate.m in Sources */,
				6EB9B30C14BA0AEB007C9666 /* massawippi_nutrientwiseFirstViewController.m in Sources */,
				6EB9B31314BA0AEB007C9666 /* massawippi_nutrientwiseSecondViewController.m in Sources */,
				6EB9B33714BA0AFA007C9666 /* Model.xcdatamodeld in Sources */,
				6E417F3B14BE50B000F2A2AC /* Finder.m in Sources */,
				6E87392714BFA8A10054A2E6 /* Measure.m in Sources */,
				6E87392D14BFA8A20054A2E6 /* NutritiveSource.m in Sources */,
				6E87393014BFA8A30054A2E6 /* FoodSource.m in Sources */,
				6E87393314BFA8A40054A2E6 /* NutritiveValue.m in Sources */,
				6E87393614BFA8A40054A2E6 /* RefuseName.m in Sources */,
				6E87393914BFA8A40054A2E6 /* Refuse.m in Sources */,
				6E87393C14BFA8A50054A2E6 /* YieldName.m in Sources */,
				6E87393F14BFA8A50054A2E6 /* ConversionFactor.m in Sources */,
				6E87394514BFA8A50054A2E6 /* NutritiveName.m in Sources */,
				6E87394814BFA8A50054A2E6 /* Yield.m in Sources */,
				6E740AEF14C77964007A0C72 /* Search.m in Sources */,
				6E421ACD14CC757F002C21B0 /* FoodName.m in Sources */,
				6E421AD114CC75FB002C21B0 /* GroupName.m in Sources */,
				6EAD166214CC7DD500D82BFD /* Favorites.m in Sources */,
				6EAD166714CC7DE700D82BFD /* Settings.m in Sources */,
				6EAD166C14CC7DF500D82BFD /* Profiles.m in Sources */,
				6EAD167014CC7F6300D82BFD /* SearchController.m in Sources */,
				6EAD167814CC93CF00D82BFD /* FoodDetail.m in Sources */,
				6EAD167E14CCCE8900D82BFD /* LanguageHelper.m in Sources */,
				6E528B8F14CDA01800712D87 /* ProfileHelper.m in Sources */,
				6E528B9314CDA9FD00712D87 /* FavoriteHelper.m in Sources */,
			);
			runOnlyForDeploymentPostprocessing = 0;
		};
		6EB9B31814BA0AEB007C9666 /* Sources */ = {
			isa = PBXSourcesBuildPhase;
			buildActionMask = 2147483647;
			files = (
				6EB9B32C14BA0AEB007C9666 /* Nutrient_WiseTests.m in Sources */,
			);
			runOnlyForDeploymentPostprocessing = 0;
		};
/* End PBXSourcesBuildPhase section */

/* Begin PBXTargetDependency section */
		6EB9B32314BA0AEB007C9666 /* PBXTargetDependency */ = {
			isa = PBXTargetDependency;
			target = 6EB9B2F014BA0AEB007C9666 /* Nutrient Wise */;
			targetProxy = 6EB9B32214BA0AEB007C9666 /* PBXContainerItemProxy */;
		};
/* End PBXTargetDependency section */

/* Begin PBXVariantGroup section */
		6EB9B2FE14BA0AEB007C9666 /* InfoPlist.strings */ = {
			isa = PBXVariantGroup;
			children = (
				6EB9B2FF14BA0AEB007C9666 /* en */,
			);
			name = InfoPlist.strings;
			sourceTree = "<group>";
		};
		6EB9B30714BA0AEB007C9666 /* MainStoryboard.storyboard */ = {
			isa = PBXVariantGroup;
			children = (
				6EB9B30814BA0AEB007C9666 /* en */,
			);
			name = MainStoryboard.storyboard;
			sourceTree = "<group>";
		};
		6EB9B32714BA0AEB007C9666 /* InfoPlist.strings */ = {
			isa = PBXVariantGroup;
			children = (
				6EB9B32814BA0AEB007C9666 /* en */,
			);
			name = InfoPlist.strings;
			sourceTree = "<group>";
		};
/* End PBXVariantGroup section */

/* Begin XCBuildConfiguration section */
		6EB9B32D14BA0AEB007C9666 /* Debug */ = {
			isa = XCBuildConfiguration;
			buildSettings = {
				ALWAYS_SEARCH_USER_PATHS = NO;
				ARCHS = "$(ARCHS_STANDARD_32_BIT)";
				CLANG_ENABLE_OBJC_ARC = YES;
				"CODE_SIGN_IDENTITY[sdk=iphoneos*]" = "iPhone Developer";
				COPY_PHASE_STRIP = NO;
				GCC_C_LANGUAGE_STANDARD = gnu99;
				GCC_DYNAMIC_NO_PIC = NO;
				GCC_OPTIMIZATION_LEVEL = 0;
				GCC_PREPROCESSOR_DEFINITIONS = (
					"DEBUG=1",
					"$(inherited)",
				);
				GCC_SYMBOLS_PRIVATE_EXTERN = NO;
				GCC_VERSION = com.apple.compilers.llvm.clang.1_0;
				GCC_WARN_ABOUT_MISSING_PROTOTYPES = YES;
				GCC_WARN_ABOUT_RETURN_TYPE = YES;
				GCC_WARN_UNUSED_VARIABLE = YES;
				IPHONEOS_DEPLOYMENT_TARGET = 5.0;
				SDKROOT = iphoneos;
			};
			name = Debug;
		};
		6EB9B32E14BA0AEB007C9666 /* Release */ = {
			isa = XCBuildConfiguration;
			buildSettings = {
				ALWAYS_SEARCH_USER_PATHS = NO;
				ARCHS = "$(ARCHS_STANDARD_32_BIT)";
				CLANG_ENABLE_OBJC_ARC = YES;
				"CODE_SIGN_IDENTITY[sdk=iphoneos*]" = "iPhone Developer";
				COPY_PHASE_STRIP = YES;
				GCC_C_LANGUAGE_STANDARD = gnu99;
				GCC_VERSION = com.apple.compilers.llvm.clang.1_0;
				GCC_WARN_ABOUT_MISSING_PROTOTYPES = YES;
				GCC_WARN_ABOUT_RETURN_TYPE = YES;
				GCC_WARN_UNUSED_VARIABLE = YES;
				IPHONEOS_DEPLOYMENT_TARGET = 5.0;
				OTHER_CFLAGS = "-DNS_BLOCK_ASSERTIONS=1";
				SDKROOT = iphoneos;
				VALIDATE_PRODUCT = YES;
			};
			name = Release;
		};
		6EB9B33014BA0AEB007C9666 /* Debug */ = {
			isa = XCBuildConfiguration;
			buildSettings = {
				GCC_PRECOMPILE_PREFIX_HEADER = YES;
				GCC_PREFIX_HEADER = "Nutrient Wise/Nutrient Wise-Prefix.pch";
				INFOPLIST_FILE = "Nutrient Wise/Nutrient Wise-Info.plist";
				PRODUCT_NAME = "$(TARGET_NAME)";
				WRAPPER_EXTENSION = app;
			};
			name = Debug;
		};
		6EB9B33114BA0AEB007C9666 /* Release */ = {
			isa = XCBuildConfiguration;
			buildSettings = {
				GCC_PRECOMPILE_PREFIX_HEADER = YES;
				GCC_PREFIX_HEADER = "Nutrient Wise/Nutrient Wise-Prefix.pch";
				INFOPLIST_FILE = "Nutrient Wise/Nutrient Wise-Info.plist";
				PRODUCT_NAME = "$(TARGET_NAME)";
				WRAPPER_EXTENSION = app;
			};
			name = Release;
		};
		6EB9B33314BA0AEB007C9666 /* Debug */ = {
			isa = XCBuildConfiguration;
			buildSettings = {
				BUNDLE_LOADER = "$(BUILT_PRODUCTS_DIR)/Nutrient Wise.app/Nutrient Wise";
				FRAMEWORK_SEARCH_PATHS = (
					"$(SDKROOT)/Developer/Library/Frameworks",
					"$(DEVELOPER_LIBRARY_DIR)/Frameworks",
				);
				GCC_PRECOMPILE_PREFIX_HEADER = YES;
				GCC_PREFIX_HEADER = "Nutrient Wise/Nutrient Wise-Prefix.pch";
				INFOPLIST_FILE = "Nutrient WiseTests/Nutrient WiseTests-Info.plist";
				PRODUCT_NAME = "$(TARGET_NAME)";
				TEST_HOST = "$(BUNDLE_LOADER)";
				WRAPPER_EXTENSION = octest;
			};
			name = Debug;
		};
		6EB9B33414BA0AEB007C9666 /* Release */ = {
			isa = XCBuildConfiguration;
			buildSettings = {
				BUNDLE_LOADER = "$(BUILT_PRODUCTS_DIR)/Nutrient Wise.app/Nutrient Wise";
				FRAMEWORK_SEARCH_PATHS = (
					"$(SDKROOT)/Developer/Library/Frameworks",
					"$(DEVELOPER_LIBRARY_DIR)/Frameworks",
				);
				GCC_PRECOMPILE_PREFIX_HEADER = YES;
				GCC_PREFIX_HEADER = "Nutrient Wise/Nutrient Wise-Prefix.pch";
				INFOPLIST_FILE = "Nutrient WiseTests/Nutrient WiseTests-Info.plist";
				PRODUCT_NAME = "$(TARGET_NAME)";
				TEST_HOST = "$(BUNDLE_LOADER)";
				WRAPPER_EXTENSION = octest;
			};
			name = Release;
		};
/* End XCBuildConfiguration section */

/* Begin XCConfigurationList section */
		6EB9B2EB14BA0AEB007C9666 /* Build configuration list for PBXProject "Nutrient Wise" */ = {
			isa = XCConfigurationList;
			buildConfigurations = (
				6EB9B32D14BA0AEB007C9666 /* Debug */,
				6EB9B32E14BA0AEB007C9666 /* Release */,
			);
			defaultConfigurationIsVisible = 0;
			defaultConfigurationName = Release;
		};
		6EB9B32F14BA0AEB007C9666 /* Build configuration list for PBXNativeTarget "Nutrient Wise" */ = {
			isa = XCConfigurationList;
			buildConfigurations = (
				6EB9B33014BA0AEB007C9666 /* Debug */,
				6EB9B33114BA0AEB007C9666 /* Release */,
			);
			defaultConfigurationIsVisible = 0;
			defaultConfigurationName = Release;
		};
		6EB9B33214BA0AEB007C9666 /* Build configuration list for PBXNativeTarget "Nutrient WiseTests" */ = {
			isa = XCConfigurationList;
			buildConfigurations = (
				6EB9B33314BA0AEB007C9666 /* Debug */,
				6EB9B33414BA0AEB007C9666 /* Release */,
			);
			defaultConfigurationIsVisible = 0;
			defaultConfigurationName = Release;
		};
/* End XCConfigurationList section */

/* Begin XCVersionGroup section */
		6EB9B33514BA0AFA007C9666 /* Model.xcdatamodeld */ = {
			isa = XCVersionGroup;
			children = (
				6EB9B33614BA0AFA007C9666 /* Model.xcdatamodel */,
			);
			currentVersion = 6EB9B33614BA0AFA007C9666 /* Model.xcdatamodel */;
			path = Model.xcdatamodeld;
			sourceTree = "<group>";
			versionGroupType = wrapper.xcdatamodel;
		};
/* End XCVersionGroup section */
	};
	rootObject = 6EB9B2E814BA0AEB007C9666 /* Project object */;
}
